// !$*UTF8*$!
{
	archiveVersion = 1;
	classes = {
	};
	objectVersion = 46;
	objects = {

/* Begin PBXBuildFile section */
		75019BFC1C6D0A8200B4CDBD /* MoreViewController.swift in Sources */ = {isa = PBXBuildFile; fileRef = 75019BFB1C6D0A8200B4CDBD /* MoreViewController.swift */; };
		750CA62A1C847ABB00A73F7A /* Favorites.storyboard in Resources */ = {isa = PBXBuildFile; fileRef = 750CA6281C847ABB00A73F7A /* Favorites.storyboard */; };
		750D8E141C0617BA00D728F0 /* PriceFilterViewController.swift in Sources */ = {isa = PBXBuildFile; fileRef = 750D8E131C0617BA00D728F0 /* PriceFilterViewController.swift */; };
		750D8E161C06221900D728F0 /* DiscountFilterViewController.swift in Sources */ = {isa = PBXBuildFile; fileRef = 750D8E151C06221900D728F0 /* DiscountFilterViewController.swift */; };
		750D8E181C06336900D728F0 /* ColorFilterViewController.swift in Sources */ = {isa = PBXBuildFile; fileRef = 750D8E171C06336900D728F0 /* ColorFilterViewController.swift */; };
		750D8E1A1C06423C00D728F0 /* OrderedDictionary.swift in Sources */ = {isa = PBXBuildFile; fileRef = 750D8E191C06423C00D728F0 /* OrderedDictionary.swift */; };
		750D8E1C1C0647AC00D728F0 /* SortFilterViewController.swift in Sources */ = {isa = PBXBuildFile; fileRef = 750D8E1B1C0647AC00D728F0 /* SortFilterViewController.swift */; };
		75149F3E1C1B088700A2A57C /* ShopStyle.swift in Sources */ = {isa = PBXBuildFile; fileRef = 75149F3D1C1B088700A2A57C /* ShopStyle.swift */; };
		751666E51CB13B2A008A2804 /* Shopstyle_Stores.plist in Resources */ = {isa = PBXBuildFile; fileRef = 751666E31CB13B2A008A2804 /* Shopstyle_Stores.plist */; };
		751666E61CB13B2A008A2804 /* Shopstyle_Brands.plist in Resources */ = {isa = PBXBuildFile; fileRef = 751666E41CB13B2A008A2804 /* Shopstyle_Brands.plist */; };
		751E9F261C11AF96007C990C /* FloatingButton.swift in Sources */ = {isa = PBXBuildFile; fileRef = 751E9F251C11AF96007C990C /* FloatingButton.swift */; };
		7522B0CA1C044BBD0055C9A6 /* StoreFilterViewController.swift in Sources */ = {isa = PBXBuildFile; fileRef = 7522B0C91C044BBD0055C9A6 /* StoreFilterViewController.swift */; };
		752998341C80B9F900CBA61A /* CategoriesModel.swift in Sources */ = {isa = PBXBuildFile; fileRef = 752998331C80B9F900CBA61A /* CategoriesModel.swift */; };
		752B71161BFCF2EE00DB14E7 /* ContainerFlickViewController.swift in Sources */ = {isa = PBXBuildFile; fileRef = 752B71151BFCF2EE00DB14E7 /* ContainerFlickViewController.swift */; };
		752B9C501C42C831000CE855 /* PhotoViewController.swift in Sources */ = {isa = PBXBuildFile; fileRef = 752B9C4F1C42C831000CE855 /* PhotoViewController.swift */; };
		752BDD581C523021007F76BF /* hideForwarding.js in Resources */ = {isa = PBXBuildFile; fileRef = 752BDD571C523021007F76BF /* hideForwarding.js */; };
		75391EF61CAAD0C200BA9CE4 /* Diogenes-Black.otf in Resources */ = {isa = PBXBuildFile; fileRef = 75391EF21CAAD0C200BA9CE4 /* Diogenes-Black.otf */; };
		75391EF71CAAD0C200BA9CE4 /* Diogenes-BlackItalic.otf in Resources */ = {isa = PBXBuildFile; fileRef = 75391EF31CAAD0C200BA9CE4 /* Diogenes-BlackItalic.otf */; };
		75391EF81CAAD0C200BA9CE4 /* Diogenes-Regular.otf in Resources */ = {isa = PBXBuildFile; fileRef = 75391EF41CAAD0C200BA9CE4 /* Diogenes-Regular.otf */; };
		75391EF91CAAD0C200BA9CE4 /* Diogenes-RegularItalic.otf in Resources */ = {isa = PBXBuildFile; fileRef = 75391EF51CAAD0C200BA9CE4 /* Diogenes-RegularItalic.otf */; };
		753AEA561BFF8B490016B655 /* ContainerFilterViewController.swift in Sources */ = {isa = PBXBuildFile; fileRef = 753AEA551BFF8B490016B655 /* ContainerFilterViewController.swift */; };
		753AEA581BFF8B820016B655 /* SideTabViewController.swift in Sources */ = {isa = PBXBuildFile; fileRef = 753AEA571BFF8B820016B655 /* SideTabViewController.swift */; };
		753AEA5A1BFF8BA10016B655 /* CategoryFilterViewController.swift in Sources */ = {isa = PBXBuildFile; fileRef = 753AEA591BFF8BA10016B655 /* CategoryFilterViewController.swift */; };
		753E2BB61BE2A433000F374A /* Quicksand-Light.ttf in Resources */ = {isa = PBXBuildFile; fileRef = 753E2BB41BE2A0F9000F374A /* Quicksand-Light.ttf */; };
		753E2BB71BE2A43D000F374A /* Quicksand-Regular.ttf in Resources */ = {isa = PBXBuildFile; fileRef = 753E2BB51BE2A0F9000F374A /* Quicksand-Regular.ttf */; };
		753E2BB81BE2A44B000F374A /* Quicksand-Bold.ttf in Resources */ = {isa = PBXBuildFile; fileRef = 753E2BB31BE2A0F9000F374A /* Quicksand-Bold.ttf */; };
		75409E201C6A572A00E5C282 /* FavoritesModel.swift in Sources */ = {isa = PBXBuildFile; fileRef = 75409E1F1C6A572A00E5C282 /* FavoritesModel.swift */; };
		75414D741C51462100C2E3FE /* ContainerWebViewController.swift in Sources */ = {isa = PBXBuildFile; fileRef = 75414D731C51462100C2E3FE /* ContainerWebViewController.swift */; };
		75414D761C51465400C2E3FE /* WebViewController.swift in Sources */ = {isa = PBXBuildFile; fileRef = 75414D751C51465400C2E3FE /* WebViewController.swift */; };
		7541FECE1C3E720B005CEB11 /* PhotosViewController.swift in Sources */ = {isa = PBXBuildFile; fileRef = 7541FECD1C3E720B005CEB11 /* PhotosViewController.swift */; };
		7542AA891CA9E98900739643 /* Pacifico.ttf in Resources */ = {isa = PBXBuildFile; fileRef = 7542AA871CA9E6C200739643 /* Pacifico.ttf */; };
		7546CB1E1C4A447A000C9635 /* ContainerProductDetailsViewController.swift in Sources */ = {isa = PBXBuildFile; fileRef = 7546CB1D1C4A447A000C9635 /* ContainerProductDetailsViewController.swift */; };
		7546CB221C4A5A0E000C9635 /* SimilarProductCell.swift in Sources */ = {isa = PBXBuildFile; fileRef = 7546CB211C4A5A0E000C9635 /* SimilarProductCell.swift */; };
		7546CB2E1C4A884D000C9635 /* InfoButton.swift in Sources */ = {isa = PBXBuildFile; fileRef = 7546CB2D1C4A884D000C9635 /* InfoButton.swift */; };
		7551D3461C134A040088D32B /* Constants.swift in Sources */ = {isa = PBXBuildFile; fileRef = 7551D3451C134A040088D32B /* Constants.swift */; };
		7559FA311C65017500177064 /* Brands.plist in Resources */ = {isa = PBXBuildFile; fileRef = 7559FA301C65017500177064 /* Brands.plist */; };
		755F62FE1C770AA7003BA832 /* PhotoScout.swift in Sources */ = {isa = PBXBuildFile; fileRef = 755F62FD1C770AA7003BA832 /* PhotoScout.swift */; };
		756264AF1C6C85A000149516 /* ContainerFavoritesViewController.swift in Sources */ = {isa = PBXBuildFile; fileRef = 756264AE1C6C85A000149516 /* ContainerFavoritesViewController.swift */; };
		756264B31C6C860700149516 /* FavoritesViewController.swift in Sources */ = {isa = PBXBuildFile; fileRef = 756264B21C6C860700149516 /* FavoritesViewController.swift */; };
		756848661C75DD1700D85E67 /* ImageParser.swift in Sources */ = {isa = PBXBuildFile; fileRef = 756848611C75DD1700D85E67 /* ImageParser.swift */; };
		756848671C75DD1700D85E67 /* ImageScout.swift in Sources */ = {isa = PBXBuildFile; fileRef = 756848631C75DD1700D85E67 /* ImageScout.swift */; };
		756848681C75DD1700D85E67 /* ScoutOperation.swift in Sources */ = {isa = PBXBuildFile; fileRef = 756848641C75DD1700D85E67 /* ScoutOperation.swift */; };
		756848691C75DD1700D85E67 /* SessionDelegate.swift in Sources */ = {isa = PBXBuildFile; fileRef = 756848651C75DD1700D85E67 /* SessionDelegate.swift */; };
		756E15AF1C7213D20046CCBA /* FaktFlipboard-Light.otf in Resources */ = {isa = PBXBuildFile; fileRef = 756E15AB1C7213D20046CCBA /* FaktFlipboard-Light.otf */; };
		756E15B01C7213D20046CCBA /* FaktFlipboard-Medium.otf in Resources */ = {isa = PBXBuildFile; fileRef = 756E15AC1C7213D20046CCBA /* FaktFlipboard-Medium.otf */; };
		756E15B11C7213D20046CCBA /* FaktFlipboard-Normal.otf in Resources */ = {isa = PBXBuildFile; fileRef = 756E15AD1C7213D20046CCBA /* FaktFlipboard-Normal.otf */; };
		756E15B21C7213D20046CCBA /* FaktFlipboard-SemiBold.otf in Resources */ = {isa = PBXBuildFile; fileRef = 756E15AE1C7213D20046CCBA /* FaktFlipboard-SemiBold.otf */; };
		756FC4E71C01B03F007AB0C5 /* ContainerViewController.swift in Sources */ = {isa = PBXBuildFile; fileRef = 756FC4E61C01B03F007AB0C5 /* ContainerViewController.swift */; };
		756FC4E91C01B16D007AB0C5 /* SwitchSegue.swift in Sources */ = {isa = PBXBuildFile; fileRef = 756FC4E81C01B16D007AB0C5 /* SwitchSegue.swift */; };
		756FC4EB1C01C7F3007AB0C5 /* BrandFilterViewController.swift in Sources */ = {isa = PBXBuildFile; fileRef = 756FC4EA1C01C7F3007AB0C5 /* BrandFilterViewController.swift */; };
		757D57AC1C56816D00F64907 /* Filter.storyboard in Resources */ = {isa = PBXBuildFile; fileRef = 757D57AA1C56816D00F64907 /* Filter.storyboard */; };
		7587C7BB1C5B806100E99A6B /* PopAnimationController.swift in Sources */ = {isa = PBXBuildFile; fileRef = 7587C7BA1C5B806100E99A6B /* PopAnimationController.swift */; };
		758EB6CB1C579C50007ECD91 /* SwipeDelegate.swift in Sources */ = {isa = PBXBuildFile; fileRef = 758EB6CA1C579C50007ECD91 /* SwipeDelegate.swift */; };
		75A31E391BDFBAAE006FD010 /* Assets.xcassets in Resources */ = {isa = PBXBuildFile; fileRef = 75A31E381BDFBAAE006FD010 /* Assets.xcassets */; };
		75A31E3C1BDFBAAE006FD010 /* LaunchScreen.storyboard in Resources */ = {isa = PBXBuildFile; fileRef = 75A31E3A1BDFBAAE006FD010 /* LaunchScreen.storyboard */; };
		75A31E471BDFBAAE006FD010 /* FlickShopTests.swift in Sources */ = {isa = PBXBuildFile; fileRef = 75A31E461BDFBAAE006FD010 /* FlickShopTests.swift */; };
		75A31E521BDFBAAE006FD010 /* FlickShopUITests.swift in Sources */ = {isa = PBXBuildFile; fileRef = 75A31E511BDFBAAE006FD010 /* FlickShopUITests.swift */; };
		75A6A3061C10C200008647CB /* CustomSFSafariViewController.swift in Sources */ = {isa = PBXBuildFile; fileRef = 75A6A3051C10C200008647CB /* CustomSFSafariViewController.swift */; };
		75AC84D91C7F7B03004B8FD7 /* CategoryInfo.swift in Sources */ = {isa = PBXBuildFile; fileRef = 75AC84D81C7F7B03004B8FD7 /* CategoryInfo.swift */; };
		75AC84DB1C7F90E6004B8FD7 /* CloudKit.framework in Frameworks */ = {isa = PBXBuildFile; fileRef = 75AC84DA1C7F90E6004B8FD7 /* CloudKit.framework */; };
		75AC84DD1C7F94DD004B8FD7 /* PreselectedFiltersModel.swift in Sources */ = {isa = PBXBuildFile; fileRef = 75AC84DC1C7F94DD004B8FD7 /* PreselectedFiltersModel.swift */; };
		75AC84E31C7F9653004B8FD7 /* PreselectedFilter.swift in Sources */ = {isa = PBXBuildFile; fileRef = 75AC84E21C7F9653004B8FD7 /* PreselectedFilter.swift */; };
		75AD0B4C1C7C777A00CD5C85 /* SwiftHEXColors.swift in Sources */ = {isa = PBXBuildFile; fileRef = 75AD0B4B1C7C777A00CD5C85 /* SwiftHEXColors.swift */; };
		75AD0B501C7C7E0A00CD5C85 /* ColorView.swift in Sources */ = {isa = PBXBuildFile; fileRef = 75AD0B4F1C7C7E0A00CD5C85 /* ColorView.swift */; };
		75B205CA1C7CB70D00EEA0D8 /* TSMessagesCustomDesign.json in Resources */ = {isa = PBXBuildFile; fileRef = 75B205C91C7CB70D00EEA0D8 /* TSMessagesCustomDesign.json */; };
		75B455EE1C58FAEB00424B21 /* GradientView.swift in Sources */ = {isa = PBXBuildFile; fileRef = 75B455ED1C58FAEB00424B21 /* GradientView.swift */; };
		75B455F21C58FB5B00424B21 /* FadeOutAnimationController.swift in Sources */ = {isa = PBXBuildFile; fileRef = 75B455F11C58FB5B00424B21 /* FadeOutAnimationController.swift */; };
		75B455F41C58FB7F00424B21 /* DimmingPresentationController.swift in Sources */ = {isa = PBXBuildFile; fileRef = 75B455F31C58FB7F00424B21 /* DimmingPresentationController.swift */; };
		75B455F61C58FB9B00424B21 /* BounceAnimationController.swift in Sources */ = {isa = PBXBuildFile; fileRef = 75B455F51C58FB9B00424B21 /* BounceAnimationController.swift */; };
		75B455F81C58FF5800424B21 /* PriceDetailsViewController.swift in Sources */ = {isa = PBXBuildFile; fileRef = 75B455F71C58FF5800424B21 /* PriceDetailsViewController.swift */; };
		75B455FA1C59012600424B21 /* SlideOutAnimationController.swift in Sources */ = {isa = PBXBuildFile; fileRef = 75B455F91C59012600424B21 /* SlideOutAnimationController.swift */; };
		75B455FC1C59483700424B21 /* SlideInAnimationController.swift in Sources */ = {isa = PBXBuildFile; fileRef = 75B455FB1C59483700424B21 /* SlideInAnimationController.swift */; };
		75C316BA1BEE973800E7A34E /* ContainerBrowseViewController.swift in Sources */ = {isa = PBXBuildFile; fileRef = 75C316B91BEE973800E7A34E /* ContainerBrowseViewController.swift */; };
		75C8ED901C943BA500ADED8C /* LicensesViewController.swift in Sources */ = {isa = PBXBuildFile; fileRef = 75C8ED8F1C943BA500ADED8C /* LicensesViewController.swift */; };
		75C8ED9A1C94625300ADED8C /* licenses.txt in Resources */ = {isa = PBXBuildFile; fileRef = 75C8ED991C94625300ADED8C /* licenses.txt */; };
		75DD48D91C0735A200C4C34D /* CategorySearch.swift in Sources */ = {isa = PBXBuildFile; fileRef = 75DD48D81C0735A100C4C34D /* CategorySearch.swift */; };
		75DD48DB1C074A6C00C4C34D /* UIViewController+SharedAppDelegate.swift in Sources */ = {isa = PBXBuildFile; fileRef = 75DD48DA1C074A6C00C4C34D /* UIViewController+SharedAppDelegate.swift */; };
		75DD7F3C1C19F45300BDB0A3 /* FiltersModel.swift in Sources */ = {isa = PBXBuildFile; fileRef = 75DD7F3B1C19F45300BDB0A3 /* FiltersModel.swift */; };
		75DF28D71BE3DD32000B30F6 /* CategoriesLayout.swift in Sources */ = {isa = PBXBuildFile; fileRef = 75DF28D61BE3DD31000B30F6 /* CategoriesLayout.swift */; };
		75E0DD601C3D89E70036A249 /* Whitney-Book-Bas.otf in Resources */ = {isa = PBXBuildFile; fileRef = 75E0DD5D1C3D89690036A249 /* Whitney-Book-Bas.otf */; };
		75E0DD611C3D89E70036A249 /* Whitney-BookItal-Bas.otf in Resources */ = {isa = PBXBuildFile; fileRef = 75E0DD5E1C3D89690036A249 /* Whitney-BookItal-Bas.otf */; };
		75E0DD621C3D89E70036A249 /* Whitney-Semibold-Bas.otf in Resources */ = {isa = PBXBuildFile; fileRef = 75E0DD5F1C3D89690036A249 /* Whitney-Semibold-Bas.otf */; };
		75EC0E721C8896EA008C162B /* GoogleService-Info.plist in Resources */ = {isa = PBXBuildFile; fileRef = 75EC0E711C8896EA008C162B /* GoogleService-Info.plist */; };
		75EEE39D1C6F510900C507FC /* More.storyboard in Resources */ = {isa = PBXBuildFile; fileRef = 75EEE39B1C6F510900C507FC /* More.storyboard */; };
		75EEE39F1C6F53CA00C507FC /* AboutViewController.swift in Sources */ = {isa = PBXBuildFile; fileRef = 75EEE39E1C6F53CA00C507FC /* AboutViewController.swift */; };
		75F12CEA1BE0A24100258874 /* Functions.swift in Sources */ = {isa = PBXBuildFile; fileRef = 75F12CE31BE0A24100258874 /* Functions.swift */; };
		75F12CEB1BE0A24100258874 /* Search.swift in Sources */ = {isa = PBXBuildFile; fileRef = 75F12CE41BE0A24100258874 /* Search.swift */; };
		75F12CEC1BE0A24100258874 /* UIImage+Effects.swift in Sources */ = {isa = PBXBuildFile; fileRef = 75F12CE51BE0A24100258874 /* UIImage+Effects.swift */; };
		75F12CED1BE0A24100258874 /* UIImage+ImageEffects.m in Sources */ = {isa = PBXBuildFile; fileRef = 75F12CE71BE0A24100258874 /* UIImage+ImageEffects.m */; };
		75F12D011BE0A35900258874 /* AppDelegate.swift in Sources */ = {isa = PBXBuildFile; fileRef = 75F12CEE1BE0A35900258874 /* AppDelegate.swift */; };
		75F12D031BE0A35900258874 /* BrowseViewController.swift in Sources */ = {isa = PBXBuildFile; fileRef = 75F12CF01BE0A35900258874 /* BrowseViewController.swift */; };
		75F12D041BE0A35900258874 /* Categories.plist in Resources */ = {isa = PBXBuildFile; fileRef = 75F12CF11BE0A35900258874 /* Categories.plist */; };
		75F12D051BE0A35900258874 /* CategoryCell.swift in Sources */ = {isa = PBXBuildFile; fileRef = 75F12CF21BE0A35900258874 /* CategoryCell.swift */; };
		75F12D061BE0A35900258874 /* CustomLayoutAttributes.swift in Sources */ = {isa = PBXBuildFile; fileRef = 75F12CF31BE0A35900258874 /* CustomLayoutAttributes.swift */; };
		75F12D071BE0A35900258874 /* CustomPhotoCell.swift in Sources */ = {isa = PBXBuildFile; fileRef = 75F12CF41BE0A35900258874 /* CustomPhotoCell.swift */; };
		75F12D081BE0A35900258874 /* FlickViewController.swift in Sources */ = {isa = PBXBuildFile; fileRef = 75F12CF51BE0A35900258874 /* FlickViewController.swift */; };
		75F12D091BE0A35900258874 /* FlickLayout.swift in Sources */ = {isa = PBXBuildFile; fileRef = 75F12CF61BE0A35900258874 /* FlickLayout.swift */; };
		75F12D0A1BE0A35900258874 /* FlickPageCell.swift in Sources */ = {isa = PBXBuildFile; fileRef = 75F12CF71BE0A35900258874 /* FlickPageCell.swift */; };
		75F12D0B1BE0A35900258874 /* FlickPageCell.xib in Resources */ = {isa = PBXBuildFile; fileRef = 75F12CF81BE0A35900258874 /* FlickPageCell.xib */; };
		75F12D0C1BE0A35900258874 /* HomeViewController.swift in Sources */ = {isa = PBXBuildFile; fileRef = 75F12CF91BE0A35900258874 /* HomeViewController.swift */; };
		75F12D0D1BE0A35900258874 /* Product.swift in Sources */ = {isa = PBXBuildFile; fileRef = 75F12CFA1BE0A35900258874 /* Product.swift */; };
		75F12D0E1BE0A35900258874 /* ProductDetailsViewController.swift in Sources */ = {isa = PBXBuildFile; fileRef = 75F12CFB1BE0A35900258874 /* ProductDetailsViewController.swift */; };
		75F12D0F1BE0A35900258874 /* ProximaNova-Bold.ttf in Resources */ = {isa = PBXBuildFile; fileRef = 75F12CFC1BE0A35900258874 /* ProximaNova-Bold.ttf */; };
		75F12D101BE0A35900258874 /* ProximaNova-Reg.ttf in Resources */ = {isa = PBXBuildFile; fileRef = 75F12CFD1BE0A35900258874 /* ProximaNova-Reg.ttf */; };
		75F12D111BE0A35900258874 /* ProximaNova-Sbold.ttf in Resources */ = {isa = PBXBuildFile; fileRef = 75F12CFE1BE0A35900258874 /* ProximaNova-Sbold.ttf */; };
		75F12D121BE0A35900258874 /* RoundedCornersView.swift in Sources */ = {isa = PBXBuildFile; fileRef = 75F12CFF1BE0A35900258874 /* RoundedCornersView.swift */; };
		75F12D131BE0A35900258874 /* TwoColumnLayout.swift in Sources */ = {isa = PBXBuildFile; fileRef = 75F12D001BE0A35900258874 /* TwoColumnLayout.swift */; };
		75F12D151BE0A3B800258874 /* Alamofire+CustomResponse.swift in Sources */ = {isa = PBXBuildFile; fileRef = 75F12D141BE0A3B800258874 /* Alamofire+CustomResponse.swift */; };
		75F12D181BE0A46000258874 /* Main.storyboard in Resources */ = {isa = PBXBuildFile; fileRef = 75F12D161BE0A46000258874 /* Main.storyboard */; };
		75F12D1A1BE0A54D00258874 /* Categories.xcassets in Resources */ = {isa = PBXBuildFile; fileRef = 75F12D191BE0A54D00258874 /* Categories.xcassets */; };
		75F72C741C565E1300D21E50 /* SubjectActivityItem.swift in Sources */ = {isa = PBXBuildFile; fileRef = 75F72C731C565E1300D21E50 /* SubjectActivityItem.swift */; };
		75F780D61C7F612300CD074A /* BrandsModel.swift in Sources */ = {isa = PBXBuildFile; fileRef = 75F780D51C7F612300CD074A /* BrandsModel.swift */; };
		9467AA39D88A2E86E1AD25CE /* Pods_FlickShop.framework in Frameworks */ = {isa = PBXBuildFile; fileRef = 03C93C788A5B7B32C470137C /* Pods_FlickShop.framework */; };
/* End PBXBuildFile section */

/* Begin PBXContainerItemProxy section */
		75A31E431BDFBAAE006FD010 /* PBXContainerItemProxy */ = {
			isa = PBXContainerItemProxy;
			containerPortal = 75A31E261BDFBAAD006FD010 /* Project object */;
			proxyType = 1;
			remoteGlobalIDString = 75A31E2D1BDFBAAD006FD010;
			remoteInfo = FlickShop;
		};
		75A31E4E1BDFBAAE006FD010 /* PBXContainerItemProxy */ = {
			isa = PBXContainerItemProxy;
			containerPortal = 75A31E261BDFBAAD006FD010 /* Project object */;
			proxyType = 1;
			remoteGlobalIDString = 75A31E2D1BDFBAAD006FD010;
			remoteInfo = FlickShop;
		};
/* End PBXContainerItemProxy section */

/* Begin PBXFileReference section */
		03C93C788A5B7B32C470137C /* Pods_FlickShop.framework */ = {isa = PBXFileReference; explicitFileType = wrapper.framework; includeInIndex = 0; path = Pods_FlickShop.framework; sourceTree = BUILT_PRODUCTS_DIR; };
		4DD496926D078ABA0D4796DA /* Pods-FlickShop.release.xcconfig */ = {isa = PBXFileReference; includeInIndex = 1; lastKnownFileType = text.xcconfig; name = "Pods-FlickShop.release.xcconfig"; path = "Pods/Target Support Files/Pods-FlickShop/Pods-FlickShop.release.xcconfig"; sourceTree = "<group>"; };
		75019BFB1C6D0A8200B4CDBD /* MoreViewController.swift */ = {isa = PBXFileReference; fileEncoding = 4; lastKnownFileType = sourcecode.swift; lineEnding = 0; path = MoreViewController.swift; sourceTree = "<group>"; xcLanguageSpecificationIdentifier = xcode.lang.swift; };
		750564681C6744F80060A400 /* FlickShop.entitlements */ = {isa = PBXFileReference; lastKnownFileType = text.xml; path = FlickShop.entitlements; sourceTree = "<group>"; };
		750CA6291C847ABB00A73F7A /* Base */ = {isa = PBXFileReference; lastKnownFileType = file.storyboard; name = Base; path = Base.lproj/Favorites.storyboard; sourceTree = "<group>"; };
		750D8E131C0617BA00D728F0 /* PriceFilterViewController.swift */ = {isa = PBXFileReference; fileEncoding = 4; lastKnownFileType = sourcecode.swift; lineEnding = 0; path = PriceFilterViewController.swift; sourceTree = "<group>"; xcLanguageSpecificationIdentifier = xcode.lang.swift; };
		750D8E151C06221900D728F0 /* DiscountFilterViewController.swift */ = {isa = PBXFileReference; fileEncoding = 4; lastKnownFileType = sourcecode.swift; lineEnding = 0; path = DiscountFilterViewController.swift; sourceTree = "<group>"; xcLanguageSpecificationIdentifier = xcode.lang.swift; };
		750D8E171C06336900D728F0 /* ColorFilterViewController.swift */ = {isa = PBXFileReference; fileEncoding = 4; lastKnownFileType = sourcecode.swift; lineEnding = 0; path = ColorFilterViewController.swift; sourceTree = "<group>"; xcLanguageSpecificationIdentifier = xcode.lang.swift; };
		750D8E191C06423C00D728F0 /* OrderedDictionary.swift */ = {isa = PBXFileReference; fileEncoding = 4; lastKnownFileType = sourcecode.swift; path = OrderedDictionary.swift; sourceTree = "<group>"; };
		750D8E1B1C0647AC00D728F0 /* SortFilterViewController.swift */ = {isa = PBXFileReference; fileEncoding = 4; lastKnownFileType = sourcecode.swift; lineEnding = 0; path = SortFilterViewController.swift; sourceTree = "<group>"; xcLanguageSpecificationIdentifier = xcode.lang.swift; };
		75149F3D1C1B088700A2A57C /* ShopStyle.swift */ = {isa = PBXFileReference; fileEncoding = 4; lastKnownFileType = sourcecode.swift; lineEnding = 0; path = ShopStyle.swift; sourceTree = "<group>"; xcLanguageSpecificationIdentifier = xcode.lang.swift; };
		751666E31CB13B2A008A2804 /* Shopstyle_Stores.plist */ = {isa = PBXFileReference; fileEncoding = 4; lastKnownFileType = text.plist.xml; path = Shopstyle_Stores.plist; sourceTree = "<group>"; };
		751666E41CB13B2A008A2804 /* Shopstyle_Brands.plist */ = {isa = PBXFileReference; fileEncoding = 4; lastKnownFileType = text.plist.xml; path = Shopstyle_Brands.plist; sourceTree = "<group>"; };
		751E9F251C11AF96007C990C /* FloatingButton.swift */ = {isa = PBXFileReference; fileEncoding = 4; lastKnownFileType = sourcecode.swift; lineEnding = 0; path = FloatingButton.swift; sourceTree = "<group>"; xcLanguageSpecificationIdentifier = xcode.lang.swift; };
		7522B0C91C044BBD0055C9A6 /* StoreFilterViewController.swift */ = {isa = PBXFileReference; fileEncoding = 4; lastKnownFileType = sourcecode.swift; lineEnding = 0; path = StoreFilterViewController.swift; sourceTree = "<group>"; xcLanguageSpecificationIdentifier = xcode.lang.swift; };
		752998331C80B9F900CBA61A /* CategoriesModel.swift */ = {isa = PBXFileReference; fileEncoding = 4; lastKnownFileType = sourcecode.swift; path = CategoriesModel.swift; sourceTree = "<group>"; };
		752B71151BFCF2EE00DB14E7 /* ContainerFlickViewController.swift */ = {isa = PBXFileReference; fileEncoding = 4; lastKnownFileType = sourcecode.swift; lineEnding = 0; path = ContainerFlickViewController.swift; sourceTree = "<group>"; xcLanguageSpecificationIdentifier = xcode.lang.swift; };
		752B9C4F1C42C831000CE855 /* PhotoViewController.swift */ = {isa = PBXFileReference; fileEncoding = 4; lastKnownFileType = sourcecode.swift; lineEnding = 0; path = PhotoViewController.swift; sourceTree = "<group>"; xcLanguageSpecificationIdentifier = xcode.lang.swift; };
		752BDD571C523021007F76BF /* hideForwarding.js */ = {isa = PBXFileReference; fileEncoding = 4; lastKnownFileType = sourcecode.javascript; path = hideForwarding.js; sourceTree = "<group>"; };
		75391EF21CAAD0C200BA9CE4 /* Diogenes-Black.otf */ = {isa = PBXFileReference; lastKnownFileType = file; path = "Diogenes-Black.otf"; sourceTree = "<group>"; };
		75391EF31CAAD0C200BA9CE4 /* Diogenes-BlackItalic.otf */ = {isa = PBXFileReference; lastKnownFileType = file; path = "Diogenes-BlackItalic.otf"; sourceTree = "<group>"; };
		75391EF41CAAD0C200BA9CE4 /* Diogenes-Regular.otf */ = {isa = PBXFileReference; lastKnownFileType = file; path = "Diogenes-Regular.otf"; sourceTree = "<group>"; };
		75391EF51CAAD0C200BA9CE4 /* Diogenes-RegularItalic.otf */ = {isa = PBXFileReference; lastKnownFileType = file; path = "Diogenes-RegularItalic.otf"; sourceTree = "<group>"; };
		753AEA551BFF8B490016B655 /* ContainerFilterViewController.swift */ = {isa = PBXFileReference; fileEncoding = 4; lastKnownFileType = sourcecode.swift; lineEnding = 0; path = ContainerFilterViewController.swift; sourceTree = "<group>"; xcLanguageSpecificationIdentifier = xcode.lang.swift; };
		753AEA571BFF8B820016B655 /* SideTabViewController.swift */ = {isa = PBXFileReference; fileEncoding = 4; lastKnownFileType = sourcecode.swift; lineEnding = 0; path = SideTabViewController.swift; sourceTree = "<group>"; xcLanguageSpecificationIdentifier = xcode.lang.swift; };
		753AEA591BFF8BA10016B655 /* CategoryFilterViewController.swift */ = {isa = PBXFileReference; fileEncoding = 4; lastKnownFileType = sourcecode.swift; lineEnding = 0; path = CategoryFilterViewController.swift; sourceTree = "<group>"; xcLanguageSpecificationIdentifier = xcode.lang.swift; };
		753E2BB31BE2A0F9000F374A /* Quicksand-Bold.ttf */ = {isa = PBXFileReference; lastKnownFileType = file; path = "Quicksand-Bold.ttf"; sourceTree = "<group>"; };
		753E2BB41BE2A0F9000F374A /* Quicksand-Light.ttf */ = {isa = PBXFileReference; lastKnownFileType = file; path = "Quicksand-Light.ttf"; sourceTree = "<group>"; };
		753E2BB51BE2A0F9000F374A /* Quicksand-Regular.ttf */ = {isa = PBXFileReference; lastKnownFileType = file; path = "Quicksand-Regular.ttf"; sourceTree = "<group>"; };
		75409E1F1C6A572A00E5C282 /* FavoritesModel.swift */ = {isa = PBXFileReference; fileEncoding = 4; lastKnownFileType = sourcecode.swift; lineEnding = 0; path = FavoritesModel.swift; sourceTree = "<group>"; xcLanguageSpecificationIdentifier = xcode.lang.swift; };
		75414D731C51462100C2E3FE /* ContainerWebViewController.swift */ = {isa = PBXFileReference; fileEncoding = 4; lastKnownFileType = sourcecode.swift; lineEnding = 0; path = ContainerWebViewController.swift; sourceTree = "<group>"; xcLanguageSpecificationIdentifier = xcode.lang.swift; };
		75414D751C51465400C2E3FE /* WebViewController.swift */ = {isa = PBXFileReference; fileEncoding = 4; lastKnownFileType = sourcecode.swift; lineEnding = 0; path = WebViewController.swift; sourceTree = "<group>"; xcLanguageSpecificationIdentifier = xcode.lang.swift; };
		7541FECD1C3E720B005CEB11 /* PhotosViewController.swift */ = {isa = PBXFileReference; fileEncoding = 4; lastKnownFileType = sourcecode.swift; lineEnding = 0; path = PhotosViewController.swift; sourceTree = "<group>"; xcLanguageSpecificationIdentifier = xcode.lang.swift; };
		7542AA871CA9E6C200739643 /* Pacifico.ttf */ = {isa = PBXFileReference; lastKnownFileType = file; path = Pacifico.ttf; sourceTree = "<group>"; };
		7546CB1D1C4A447A000C9635 /* ContainerProductDetailsViewController.swift */ = {isa = PBXFileReference; fileEncoding = 4; lastKnownFileType = sourcecode.swift; lineEnding = 0; path = ContainerProductDetailsViewController.swift; sourceTree = "<group>"; xcLanguageSpecificationIdentifier = xcode.lang.swift; };
		7546CB211C4A5A0E000C9635 /* SimilarProductCell.swift */ = {isa = PBXFileReference; fileEncoding = 4; lastKnownFileType = sourcecode.swift; lineEnding = 0; path = SimilarProductCell.swift; sourceTree = "<group>"; xcLanguageSpecificationIdentifier = xcode.lang.swift; };
		7546CB2D1C4A884D000C9635 /* InfoButton.swift */ = {isa = PBXFileReference; fileEncoding = 4; lastKnownFileType = sourcecode.swift; lineEnding = 0; path = InfoButton.swift; sourceTree = "<group>"; xcLanguageSpecificationIdentifier = xcode.lang.swift; };
		7551D3451C134A040088D32B /* Constants.swift */ = {isa = PBXFileReference; fileEncoding = 4; lastKnownFileType = sourcecode.swift; lineEnding = 0; path = Constants.swift; sourceTree = "<group>"; xcLanguageSpecificationIdentifier = xcode.lang.swift; };
		7559FA301C65017500177064 /* Brands.plist */ = {isa = PBXFileReference; fileEncoding = 4; lastKnownFileType = text.plist.xml; path = Brands.plist; sourceTree = "<group>"; };
		755F62FD1C770AA7003BA832 /* PhotoScout.swift */ = {isa = PBXFileReference; fileEncoding = 4; lastKnownFileType = sourcecode.swift; path = PhotoScout.swift; sourceTree = "<group>"; };
		756264AE1C6C85A000149516 /* ContainerFavoritesViewController.swift */ = {isa = PBXFileReference; fileEncoding = 4; lastKnownFileType = sourcecode.swift; lineEnding = 0; path = ContainerFavoritesViewController.swift; sourceTree = "<group>"; xcLanguageSpecificationIdentifier = xcode.lang.swift; };
		756264B21C6C860700149516 /* FavoritesViewController.swift */ = {isa = PBXFileReference; fileEncoding = 4; lastKnownFileType = sourcecode.swift; lineEnding = 0; path = FavoritesViewController.swift; sourceTree = "<group>"; xcLanguageSpecificationIdentifier = xcode.lang.swift; };
		756848611C75DD1700D85E67 /* ImageParser.swift */ = {isa = PBXFileReference; fileEncoding = 4; lastKnownFileType = sourcecode.swift; path = ImageParser.swift; sourceTree = "<group>"; };
		756848621C75DD1700D85E67 /* ImageScout.h */ = {isa = PBXFileReference; fileEncoding = 4; lastKnownFileType = sourcecode.c.h; path = ImageScout.h; sourceTree = "<group>"; };
		756848631C75DD1700D85E67 /* ImageScout.swift */ = {isa = PBXFileReference; fileEncoding = 4; lastKnownFileType = sourcecode.swift; path = ImageScout.swift; sourceTree = "<group>"; };
		756848641C75DD1700D85E67 /* ScoutOperation.swift */ = {isa = PBXFileReference; fileEncoding = 4; lastKnownFileType = sourcecode.swift; path = ScoutOperation.swift; sourceTree = "<group>"; };
		756848651C75DD1700D85E67 /* SessionDelegate.swift */ = {isa = PBXFileReference; fileEncoding = 4; lastKnownFileType = sourcecode.swift; path = SessionDelegate.swift; sourceTree = "<group>"; };
		756E15AB1C7213D20046CCBA /* FaktFlipboard-Light.otf */ = {isa = PBXFileReference; lastKnownFileType = file; path = "FaktFlipboard-Light.otf"; sourceTree = "<group>"; };
		756E15AC1C7213D20046CCBA /* FaktFlipboard-Medium.otf */ = {isa = PBXFileReference; lastKnownFileType = file; path = "FaktFlipboard-Medium.otf"; sourceTree = "<group>"; };
		756E15AD1C7213D20046CCBA /* FaktFlipboard-Normal.otf */ = {isa = PBXFileReference; lastKnownFileType = file; path = "FaktFlipboard-Normal.otf"; sourceTree = "<group>"; };
		756E15AE1C7213D20046CCBA /* FaktFlipboard-SemiBold.otf */ = {isa = PBXFileReference; lastKnownFileType = file; path = "FaktFlipboard-SemiBold.otf"; sourceTree = "<group>"; };
		756FC4E61C01B03F007AB0C5 /* ContainerViewController.swift */ = {isa = PBXFileReference; fileEncoding = 4; lastKnownFileType = sourcecode.swift; lineEnding = 0; path = ContainerViewController.swift; sourceTree = "<group>"; xcLanguageSpecificationIdentifier = xcode.lang.swift; };
		756FC4E81C01B16D007AB0C5 /* SwitchSegue.swift */ = {isa = PBXFileReference; fileEncoding = 4; lastKnownFileType = sourcecode.swift; lineEnding = 0; path = SwitchSegue.swift; sourceTree = "<group>"; xcLanguageSpecificationIdentifier = xcode.lang.swift; };
		756FC4EA1C01C7F3007AB0C5 /* BrandFilterViewController.swift */ = {isa = PBXFileReference; fileEncoding = 4; lastKnownFileType = sourcecode.swift; lineEnding = 0; path = BrandFilterViewController.swift; sourceTree = "<group>"; xcLanguageSpecificationIdentifier = xcode.lang.swift; };
		757D57AB1C56816D00F64907 /* Base */ = {isa = PBXFileReference; lastKnownFileType = file.storyboard; name = Base; path = Base.lproj/Filter.storyboard; sourceTree = "<group>"; };
		7587C7BA1C5B806100E99A6B /* PopAnimationController.swift */ = {isa = PBXFileReference; fileEncoding = 4; lastKnownFileType = sourcecode.swift; lineEnding = 0; path = PopAnimationController.swift; sourceTree = "<group>"; xcLanguageSpecificationIdentifier = xcode.lang.swift; };
		758EB6CA1C579C50007ECD91 /* SwipeDelegate.swift */ = {isa = PBXFileReference; fileEncoding = 4; lastKnownFileType = sourcecode.swift; lineEnding = 0; path = SwipeDelegate.swift; sourceTree = "<group>"; xcLanguageSpecificationIdentifier = xcode.lang.swift; };
		75A31E2E1BDFBAAD006FD010 /* Vendee.app */ = {isa = PBXFileReference; explicitFileType = wrapper.application; includeInIndex = 0; path = Vendee.app; sourceTree = BUILT_PRODUCTS_DIR; };
		75A31E381BDFBAAE006FD010 /* Assets.xcassets */ = {isa = PBXFileReference; lastKnownFileType = folder.assetcatalog; path = Assets.xcassets; sourceTree = "<group>"; };
		75A31E3B1BDFBAAE006FD010 /* Base */ = {isa = PBXFileReference; lastKnownFileType = file.storyboard; name = Base; path = Base.lproj/LaunchScreen.storyboard; sourceTree = "<group>"; };
		75A31E3D1BDFBAAE006FD010 /* Info.plist */ = {isa = PBXFileReference; lastKnownFileType = text.plist.xml; path = Info.plist; sourceTree = "<group>"; };
		75A31E421BDFBAAE006FD010 /* FlickShopTests.xctest */ = {isa = PBXFileReference; explicitFileType = wrapper.cfbundle; includeInIndex = 0; path = FlickShopTests.xctest; sourceTree = BUILT_PRODUCTS_DIR; };
		75A31E461BDFBAAE006FD010 /* FlickShopTests.swift */ = {isa = PBXFileReference; lastKnownFileType = sourcecode.swift; path = FlickShopTests.swift; sourceTree = "<group>"; };
		75A31E481BDFBAAE006FD010 /* Info.plist */ = {isa = PBXFileReference; lastKnownFileType = text.plist.xml; path = Info.plist; sourceTree = "<group>"; };
		75A31E4D1BDFBAAE006FD010 /* FlickShopUITests.xctest */ = {isa = PBXFileReference; explicitFileType = wrapper.cfbundle; includeInIndex = 0; path = FlickShopUITests.xctest; sourceTree = BUILT_PRODUCTS_DIR; };
		75A31E511BDFBAAE006FD010 /* FlickShopUITests.swift */ = {isa = PBXFileReference; lastKnownFileType = sourcecode.swift; path = FlickShopUITests.swift; sourceTree = "<group>"; };
		75A31E531BDFBAAE006FD010 /* Info.plist */ = {isa = PBXFileReference; lastKnownFileType = text.plist.xml; path = Info.plist; sourceTree = "<group>"; };
		75A6A3051C10C200008647CB /* CustomSFSafariViewController.swift */ = {isa = PBXFileReference; fileEncoding = 4; lastKnownFileType = sourcecode.swift; lineEnding = 0; path = CustomSFSafariViewController.swift; sourceTree = "<group>"; xcLanguageSpecificationIdentifier = xcode.lang.swift; };
		75AC84D81C7F7B03004B8FD7 /* CategoryInfo.swift */ = {isa = PBXFileReference; fileEncoding = 4; lastKnownFileType = sourcecode.swift; path = CategoryInfo.swift; sourceTree = "<group>"; };
		75AC84DA1C7F90E6004B8FD7 /* CloudKit.framework */ = {isa = PBXFileReference; lastKnownFileType = wrapper.framework; name = CloudKit.framework; path = System/Library/Frameworks/CloudKit.framework; sourceTree = SDKROOT; };
		75AC84DC1C7F94DD004B8FD7 /* PreselectedFiltersModel.swift */ = {isa = PBXFileReference; fileEncoding = 4; lastKnownFileType = sourcecode.swift; path = PreselectedFiltersModel.swift; sourceTree = "<group>"; };
		75AC84E21C7F9653004B8FD7 /* PreselectedFilter.swift */ = {isa = PBXFileReference; fileEncoding = 4; lastKnownFileType = sourcecode.swift; path = PreselectedFilter.swift; sourceTree = "<group>"; };
		75AD0B4B1C7C777A00CD5C85 /* SwiftHEXColors.swift */ = {isa = PBXFileReference; fileEncoding = 4; lastKnownFileType = sourcecode.swift; path = SwiftHEXColors.swift; sourceTree = "<group>"; };
		75AD0B4F1C7C7E0A00CD5C85 /* ColorView.swift */ = {isa = PBXFileReference; fileEncoding = 4; lastKnownFileType = sourcecode.swift; path = ColorView.swift; sourceTree = "<group>"; };
		75B205C91C7CB70D00EEA0D8 /* TSMessagesCustomDesign.json */ = {isa = PBXFileReference; fileEncoding = 4; lastKnownFileType = text.json; path = TSMessagesCustomDesign.json; sourceTree = "<group>"; };
		75B455ED1C58FAEB00424B21 /* GradientView.swift */ = {isa = PBXFileReference; fileEncoding = 4; lastKnownFileType = sourcecode.swift; lineEnding = 0; path = GradientView.swift; sourceTree = "<group>"; xcLanguageSpecificationIdentifier = xcode.lang.swift; };
		75B455F11C58FB5B00424B21 /* FadeOutAnimationController.swift */ = {isa = PBXFileReference; fileEncoding = 4; lastKnownFileType = sourcecode.swift; lineEnding = 0; path = FadeOutAnimationController.swift; sourceTree = "<group>"; xcLanguageSpecificationIdentifier = xcode.lang.swift; };
		75B455F31C58FB7F00424B21 /* DimmingPresentationController.swift */ = {isa = PBXFileReference; fileEncoding = 4; lastKnownFileType = sourcecode.swift; lineEnding = 0; path = DimmingPresentationController.swift; sourceTree = "<group>"; xcLanguageSpecificationIdentifier = xcode.lang.swift; };
		75B455F51C58FB9B00424B21 /* BounceAnimationController.swift */ = {isa = PBXFileReference; fileEncoding = 4; lastKnownFileType = sourcecode.swift; lineEnding = 0; path = BounceAnimationController.swift; sourceTree = "<group>"; xcLanguageSpecificationIdentifier = xcode.lang.swift; };
		75B455F71C58FF5800424B21 /* PriceDetailsViewController.swift */ = {isa = PBXFileReference; fileEncoding = 4; lastKnownFileType = sourcecode.swift; lineEnding = 0; path = PriceDetailsViewController.swift; sourceTree = "<group>"; xcLanguageSpecificationIdentifier = xcode.lang.swift; };
		75B455F91C59012600424B21 /* SlideOutAnimationController.swift */ = {isa = PBXFileReference; fileEncoding = 4; lastKnownFileType = sourcecode.swift; lineEnding = 0; path = SlideOutAnimationController.swift; sourceTree = "<group>"; xcLanguageSpecificationIdentifier = xcode.lang.swift; };
		75B455FB1C59483700424B21 /* SlideInAnimationController.swift */ = {isa = PBXFileReference; fileEncoding = 4; lastKnownFileType = sourcecode.swift; lineEnding = 0; path = SlideInAnimationController.swift; sourceTree = "<group>"; xcLanguageSpecificationIdentifier = xcode.lang.swift; };
		75C316B91BEE973800E7A34E /* ContainerBrowseViewController.swift */ = {isa = PBXFileReference; fileEncoding = 4; lastKnownFileType = sourcecode.swift; lineEnding = 0; path = ContainerBrowseViewController.swift; sourceTree = "<group>"; xcLanguageSpecificationIdentifier = xcode.lang.swift; };
		75C8ED8F1C943BA500ADED8C /* LicensesViewController.swift */ = {isa = PBXFileReference; fileEncoding = 4; lastKnownFileType = sourcecode.swift; path = LicensesViewController.swift; sourceTree = "<group>"; };
		75C8ED991C94625300ADED8C /* licenses.txt */ = {isa = PBXFileReference; fileEncoding = 4; lastKnownFileType = text; path = licenses.txt; sourceTree = "<group>"; };
		75DD48D81C0735A100C4C34D /* CategorySearch.swift */ = {isa = PBXFileReference; fileEncoding = 4; lastKnownFileType = sourcecode.swift; lineEnding = 0; path = CategorySearch.swift; sourceTree = "<group>"; xcLanguageSpecificationIdentifier = xcode.lang.swift; };
		75DD48DA1C074A6C00C4C34D /* UIViewController+SharedAppDelegate.swift */ = {isa = PBXFileReference; fileEncoding = 4; lastKnownFileType = sourcecode.swift; lineEnding = 0; path = "UIViewController+SharedAppDelegate.swift"; sourceTree = "<group>"; xcLanguageSpecificationIdentifier = xcode.lang.swift; };
		75DD7F3B1C19F45300BDB0A3 /* FiltersModel.swift */ = {isa = PBXFileReference; fileEncoding = 4; lastKnownFileType = sourcecode.swift; lineEnding = 0; path = FiltersModel.swift; sourceTree = "<group>"; xcLanguageSpecificationIdentifier = xcode.lang.swift; };
		75DF28D61BE3DD31000B30F6 /* CategoriesLayout.swift */ = {isa = PBXFileReference; fileEncoding = 4; lastKnownFileType = sourcecode.swift; lineEnding = 0; path = CategoriesLayout.swift; sourceTree = "<group>"; xcLanguageSpecificationIdentifier = xcode.lang.swift; };
		75E0DD5D1C3D89690036A249 /* Whitney-Book-Bas.otf */ = {isa = PBXFileReference; lastKnownFileType = file; path = "Whitney-Book-Bas.otf"; sourceTree = "<group>"; };
		75E0DD5E1C3D89690036A249 /* Whitney-BookItal-Bas.otf */ = {isa = PBXFileReference; lastKnownFileType = file; path = "Whitney-BookItal-Bas.otf"; sourceTree = "<group>"; };
		75E0DD5F1C3D89690036A249 /* Whitney-Semibold-Bas.otf */ = {isa = PBXFileReference; lastKnownFileType = file; path = "Whitney-Semibold-Bas.otf"; sourceTree = "<group>"; };
		75EC0E711C8896EA008C162B /* GoogleService-Info.plist */ = {isa = PBXFileReference; fileEncoding = 4; lastKnownFileType = text.plist.xml; path = "GoogleService-Info.plist"; sourceTree = "<group>"; };
		75EEE39C1C6F510900C507FC /* Base */ = {isa = PBXFileReference; lastKnownFileType = file.storyboard; name = Base; path = Base.lproj/More.storyboard; sourceTree = "<group>"; };
		75EEE39E1C6F53CA00C507FC /* AboutViewController.swift */ = {isa = PBXFileReference; fileEncoding = 4; lastKnownFileType = sourcecode.swift; lineEnding = 0; path = AboutViewController.swift; sourceTree = "<group>"; xcLanguageSpecificationIdentifier = xcode.lang.swift; };
		75F12C271BE09CCA00258874 /* FlickShop-Bridging-Header.h */ = {isa = PBXFileReference; lastKnownFileType = sourcecode.c.h; path = "FlickShop-Bridging-Header.h"; sourceTree = "<group>"; };
		75F12CE31BE0A24100258874 /* Functions.swift */ = {isa = PBXFileReference; fileEncoding = 4; lastKnownFileType = sourcecode.swift; lineEnding = 0; path = Functions.swift; sourceTree = "<group>"; xcLanguageSpecificationIdentifier = xcode.lang.swift; };
		75F12CE41BE0A24100258874 /* Search.swift */ = {isa = PBXFileReference; fileEncoding = 4; lastKnownFileType = sourcecode.swift; lineEnding = 0; path = Search.swift; sourceTree = "<group>"; xcLanguageSpecificationIdentifier = xcode.lang.swift; };
		75F12CE51BE0A24100258874 /* UIImage+Effects.swift */ = {isa = PBXFileReference; fileEncoding = 4; lastKnownFileType = sourcecode.swift; lineEnding = 0; path = "UIImage+Effects.swift"; sourceTree = "<group>"; xcLanguageSpecificationIdentifier = xcode.lang.swift; };
		75F12CE61BE0A24100258874 /* UIImage+ImageEffects.h */ = {isa = PBXFileReference; fileEncoding = 4; lastKnownFileType = sourcecode.c.h; path = "UIImage+ImageEffects.h"; sourceTree = "<group>"; };
		75F12CE71BE0A24100258874 /* UIImage+ImageEffects.m */ = {isa = PBXFileReference; fileEncoding = 4; lastKnownFileType = sourcecode.c.objc; path = "UIImage+ImageEffects.m"; sourceTree = "<group>"; };
		75F12CEE1BE0A35900258874 /* AppDelegate.swift */ = {isa = PBXFileReference; fileEncoding = 4; lastKnownFileType = sourcecode.swift; lineEnding = 0; path = AppDelegate.swift; sourceTree = "<group>"; xcLanguageSpecificationIdentifier = xcode.lang.swift; };
		75F12CF01BE0A35900258874 /* BrowseViewController.swift */ = {isa = PBXFileReference; fileEncoding = 4; lastKnownFileType = sourcecode.swift; lineEnding = 0; path = BrowseViewController.swift; sourceTree = "<group>"; xcLanguageSpecificationIdentifier = xcode.lang.swift; };
		75F12CF11BE0A35900258874 /* Categories.plist */ = {isa = PBXFileReference; fileEncoding = 4; lastKnownFileType = text.plist.xml; path = Categories.plist; sourceTree = "<group>"; };
		75F12CF21BE0A35900258874 /* CategoryCell.swift */ = {isa = PBXFileReference; fileEncoding = 4; lastKnownFileType = sourcecode.swift; lineEnding = 0; path = CategoryCell.swift; sourceTree = "<group>"; xcLanguageSpecificationIdentifier = xcode.lang.swift; };
		75F12CF31BE0A35900258874 /* CustomLayoutAttributes.swift */ = {isa = PBXFileReference; fileEncoding = 4; lastKnownFileType = sourcecode.swift; lineEnding = 0; path = CustomLayoutAttributes.swift; sourceTree = "<group>"; xcLanguageSpecificationIdentifier = xcode.lang.swift; };
		75F12CF41BE0A35900258874 /* CustomPhotoCell.swift */ = {isa = PBXFileReference; fileEncoding = 4; lastKnownFileType = sourcecode.swift; lineEnding = 0; path = CustomPhotoCell.swift; sourceTree = "<group>"; xcLanguageSpecificationIdentifier = xcode.lang.swift; };
		75F12CF51BE0A35900258874 /* FlickViewController.swift */ = {isa = PBXFileReference; fileEncoding = 4; lastKnownFileType = sourcecode.swift; lineEnding = 0; path = FlickViewController.swift; sourceTree = "<group>"; xcLanguageSpecificationIdentifier = xcode.lang.swift; };
		75F12CF61BE0A35900258874 /* FlickLayout.swift */ = {isa = PBXFileReference; fileEncoding = 4; lastKnownFileType = sourcecode.swift; path = FlickLayout.swift; sourceTree = "<group>"; };
		75F12CF71BE0A35900258874 /* FlickPageCell.swift */ = {isa = PBXFileReference; fileEncoding = 4; lastKnownFileType = sourcecode.swift; path = FlickPageCell.swift; sourceTree = "<group>"; };
		75F12CF81BE0A35900258874 /* FlickPageCell.xib */ = {isa = PBXFileReference; fileEncoding = 4; lastKnownFileType = file.xib; path = FlickPageCell.xib; sourceTree = "<group>"; };
		75F12CF91BE0A35900258874 /* HomeViewController.swift */ = {isa = PBXFileReference; fileEncoding = 4; lastKnownFileType = sourcecode.swift; lineEnding = 0; path = HomeViewController.swift; sourceTree = "<group>"; xcLanguageSpecificationIdentifier = xcode.lang.swift; };
		75F12CFA1BE0A35900258874 /* Product.swift */ = {isa = PBXFileReference; fileEncoding = 4; lastKnownFileType = sourcecode.swift; lineEnding = 0; path = Product.swift; sourceTree = "<group>"; xcLanguageSpecificationIdentifier = xcode.lang.swift; };
		75F12CFB1BE0A35900258874 /* ProductDetailsViewController.swift */ = {isa = PBXFileReference; fileEncoding = 4; lastKnownFileType = sourcecode.swift; lineEnding = 0; path = ProductDetailsViewController.swift; sourceTree = "<group>"; xcLanguageSpecificationIdentifier = xcode.lang.swift; };
		75F12CFC1BE0A35900258874 /* ProximaNova-Bold.ttf */ = {isa = PBXFileReference; lastKnownFileType = file; path = "ProximaNova-Bold.ttf"; sourceTree = "<group>"; };
		75F12CFD1BE0A35900258874 /* ProximaNova-Reg.ttf */ = {isa = PBXFileReference; lastKnownFileType = file; path = "ProximaNova-Reg.ttf"; sourceTree = "<group>"; };
		75F12CFE1BE0A35900258874 /* ProximaNova-Sbold.ttf */ = {isa = PBXFileReference; lastKnownFileType = file; path = "ProximaNova-Sbold.ttf"; sourceTree = "<group>"; };
		75F12CFF1BE0A35900258874 /* RoundedCornersView.swift */ = {isa = PBXFileReference; fileEncoding = 4; lastKnownFileType = sourcecode.swift; lineEnding = 0; path = RoundedCornersView.swift; sourceTree = "<group>"; xcLanguageSpecificationIdentifier = xcode.lang.swift; };
		75F12D001BE0A35900258874 /* TwoColumnLayout.swift */ = {isa = PBXFileReference; fileEncoding = 4; lastKnownFileType = sourcecode.swift; lineEnding = 0; path = TwoColumnLayout.swift; sourceTree = "<group>"; xcLanguageSpecificationIdentifier = xcode.lang.swift; };
		75F12D141BE0A3B800258874 /* Alamofire+CustomResponse.swift */ = {isa = PBXFileReference; fileEncoding = 4; lastKnownFileType = sourcecode.swift; lineEnding = 0; path = "Alamofire+CustomResponse.swift"; sourceTree = "<group>"; xcLanguageSpecificationIdentifier = xcode.lang.swift; };
		75F12D171BE0A46000258874 /* Base */ = {isa = PBXFileReference; lastKnownFileType = file.storyboard; name = Base; path = Base.lproj/Main.storyboard; sourceTree = "<group>"; };
		75F12D191BE0A54D00258874 /* Categories.xcassets */ = {isa = PBXFileReference; lastKnownFileType = folder.assetcatalog; path = Categories.xcassets; sourceTree = "<group>"; };
		75F72C731C565E1300D21E50 /* SubjectActivityItem.swift */ = {isa = PBXFileReference; fileEncoding = 4; lastKnownFileType = sourcecode.swift; lineEnding = 0; path = SubjectActivityItem.swift; sourceTree = "<group>"; xcLanguageSpecificationIdentifier = xcode.lang.swift; };
		75F780D51C7F612300CD074A /* BrandsModel.swift */ = {isa = PBXFileReference; fileEncoding = 4; lastKnownFileType = sourcecode.swift; path = BrandsModel.swift; sourceTree = "<group>"; };
		983955C99D9E0C495F28783E /* Pods-FlickShop.debug.xcconfig */ = {isa = PBXFileReference; includeInIndex = 1; lastKnownFileType = text.xcconfig; name = "Pods-FlickShop.debug.xcconfig"; path = "Pods/Target Support Files/Pods-FlickShop/Pods-FlickShop.debug.xcconfig"; sourceTree = "<group>"; };
/* End PBXFileReference section */

/* Begin PBXFrameworksBuildPhase section */
		75A31E2B1BDFBAAD006FD010 /* Frameworks */ = {
			isa = PBXFrameworksBuildPhase;
			buildActionMask = 2147483647;
			files = (
				9467AA39D88A2E86E1AD25CE /* Pods_FlickShop.framework in Frameworks */,
				75AC84DB1C7F90E6004B8FD7 /* CloudKit.framework in Frameworks */,
			);
			runOnlyForDeploymentPostprocessing = 0;
		};
		75A31E3F1BDFBAAE006FD010 /* Frameworks */ = {
			isa = PBXFrameworksBuildPhase;
			buildActionMask = 2147483647;
			files = (
			);
			runOnlyForDeploymentPostprocessing = 0;
		};
		75A31E4A1BDFBAAE006FD010 /* Frameworks */ = {
			isa = PBXFrameworksBuildPhase;
			buildActionMask = 2147483647;
			files = (
			);
			runOnlyForDeploymentPostprocessing = 0;
		};
/* End PBXFrameworksBuildPhase section */

/* Begin PBXGroup section */
		752BDD561C522FF6007F76BF /* Scripts */ = {
			isa = PBXGroup;
			children = (
				752BDD571C523021007F76BF /* hideForwarding.js */,
			);
			name = Scripts;
			sourceTree = "<group>";
		};
		758EB6C91C579C0E007ECD91 /* Protocols */ = {
			isa = PBXGroup;
			children = (
				758EB6CA1C579C50007ECD91 /* SwipeDelegate.swift */,
			);
			name = Protocols;
			sourceTree = "<group>";
		};
		75A31E251BDFBAAD006FD010 = {
			isa = PBXGroup;
			children = (
				75A31E301BDFBAAD006FD010 /* FlickShop */,
				75A31E451BDFBAAE006FD010 /* FlickShopTests */,
				75A31E501BDFBAAE006FD010 /* FlickShopUITests */,
				75A31E2F1BDFBAAD006FD010 /* Products */,
				ACBA88F6CE970AF1468234DF /* Pods */,
				7AA5E59AD30AA3D38AC2E840 /* Frameworks */,
			);
			sourceTree = "<group>";
		};
		75A31E2F1BDFBAAD006FD010 /* Products */ = {
			isa = PBXGroup;
			children = (
				75A31E2E1BDFBAAD006FD010 /* Vendee.app */,
				75A31E421BDFBAAE006FD010 /* FlickShopTests.xctest */,
				75A31E4D1BDFBAAE006FD010 /* FlickShopUITests.xctest */,
			);
			name = Products;
			sourceTree = "<group>";
		};
		75A31E301BDFBAAD006FD010 /* FlickShop */ = {
			isa = PBXGroup;
			children = (
				750564681C6744F80060A400 /* FlickShop.entitlements */,
				758EB6C91C579C0E007ECD91 /* Protocols */,
				75F72C721C565DED00D21E50 /* Activities */,
				752BDD561C522FF6007F76BF /* Scripts */,
				75F12C271BE09CCA00258874 /* FlickShop-Bridging-Header.h */,
				75F12CEE1BE0A35900258874 /* AppDelegate.swift */,
				75F12C2A1BE09D0400258874 /* Frameworks */,
				75F12D201BE0AB4A00258874 /* Models */,
				75F12D231BE0ABB400258874 /* Views */,
				75F12D1B1BE0A76F00258874 /* Controllers */,
				75F12D1F1BE0AB3400258874 /* Layouts */,
				75F12D221BE0AB8800258874 /* Resources */,
				75F12D211BE0AB7700258874 /* Extensions */,
				75F12D281BE0ACC800258874 /* Storyboards & Xibs */,
				75F12D271BE0AC8100258874 /* Supporting Files */,
			);
			path = FlickShop;
			sourceTree = "<group>";
		};
		75A31E451BDFBAAE006FD010 /* FlickShopTests */ = {
			isa = PBXGroup;
			children = (
				75A31E461BDFBAAE006FD010 /* FlickShopTests.swift */,
				75A31E481BDFBAAE006FD010 /* Info.plist */,
			);
			path = FlickShopTests;
			sourceTree = "<group>";
		};
		75A31E501BDFBAAE006FD010 /* FlickShopUITests */ = {
			isa = PBXGroup;
			children = (
				75A31E511BDFBAAE006FD010 /* FlickShopUITests.swift */,
				75A31E531BDFBAAE006FD010 /* Info.plist */,
			);
			path = FlickShopUITests;
			sourceTree = "<group>";
		};
		75B455EF1C58FB3200424B21 /* Animation */ = {
			isa = PBXGroup;
			children = (
				75B455F11C58FB5B00424B21 /* FadeOutAnimationController.swift */,
				75B455F51C58FB9B00424B21 /* BounceAnimationController.swift */,
				75B455FB1C59483700424B21 /* SlideInAnimationController.swift */,
				75B455F91C59012600424B21 /* SlideOutAnimationController.swift */,
				7587C7BA1C5B806100E99A6B /* PopAnimationController.swift */,
			);
			name = Animation;
			sourceTree = "<group>";
		};
		75B455F01C58FB4300424B21 /* Presentation */ = {
			isa = PBXGroup;
			children = (
				75B455F31C58FB7F00424B21 /* DimmingPresentationController.swift */,
			);
			name = Presentation;
			sourceTree = "<group>";
		};
		75B6AC071C08E57200EB8F5F /* FilterControllers */ = {
			isa = PBXGroup;
			children = (
				753AEA591BFF8BA10016B655 /* CategoryFilterViewController.swift */,
				756FC4EA1C01C7F3007AB0C5 /* BrandFilterViewController.swift */,
				7522B0C91C044BBD0055C9A6 /* StoreFilterViewController.swift */,
				750D8E131C0617BA00D728F0 /* PriceFilterViewController.swift */,
				750D8E151C06221900D728F0 /* DiscountFilterViewController.swift */,
				750D8E171C06336900D728F0 /* ColorFilterViewController.swift */,
				750D8E1B1C0647AC00D728F0 /* SortFilterViewController.swift */,
			);
			name = FilterControllers;
			sourceTree = "<group>";
		};
		75B6AC081C08E5A000EB8F5F /* Filter */ = {
			isa = PBXGroup;
			children = (
				753AEA551BFF8B490016B655 /* ContainerFilterViewController.swift */,
				753AEA571BFF8B820016B655 /* SideTabViewController.swift */,
				756FC4E61C01B03F007AB0C5 /* ContainerViewController.swift */,
				75B6AC071C08E57200EB8F5F /* FilterControllers */,
			);
			name = Filter;
			sourceTree = "<group>";
		};
		75EEE3A01C6F53DA00C507FC /* More */ = {
			isa = PBXGroup;
			children = (
				75019BFB1C6D0A8200B4CDBD /* MoreViewController.swift */,
				75EEE39E1C6F53CA00C507FC /* AboutViewController.swift */,
				75C8ED8F1C943BA500ADED8C /* LicensesViewController.swift */,
			);
			name = More;
			sourceTree = "<group>";
		};
		75EEE3A11C6F53F500C507FC /* Favorites */ = {
			isa = PBXGroup;
			children = (
				756264AE1C6C85A000149516 /* ContainerFavoritesViewController.swift */,
				756264B21C6C860700149516 /* FavoritesViewController.swift */,
			);
			name = Favorites;
			sourceTree = "<group>";
		};
		75EEE3A21C6F541E00C507FC /* Browse */ = {
			isa = PBXGroup;
			children = (
				75F12CF91BE0A35900258874 /* HomeViewController.swift */,
				75C316B91BEE973800E7A34E /* ContainerBrowseViewController.swift */,
				75F12CF01BE0A35900258874 /* BrowseViewController.swift */,
				752B71151BFCF2EE00DB14E7 /* ContainerFlickViewController.swift */,
				75F12CF51BE0A35900258874 /* FlickViewController.swift */,
				7546CB1D1C4A447A000C9635 /* ContainerProductDetailsViewController.swift */,
				75F12CFB1BE0A35900258874 /* ProductDetailsViewController.swift */,
				75A6A3051C10C200008647CB /* CustomSFSafariViewController.swift */,
				7541FECD1C3E720B005CEB11 /* PhotosViewController.swift */,
				752B9C4F1C42C831000CE855 /* PhotoViewController.swift */,
				75414D731C51462100C2E3FE /* ContainerWebViewController.swift */,
				75414D751C51465400C2E3FE /* WebViewController.swift */,
				75B455F71C58FF5800424B21 /* PriceDetailsViewController.swift */,
			);
			name = Browse;
			sourceTree = "<group>";
		};
		75F12C2A1BE09D0400258874 /* Frameworks */ = {
			isa = PBXGroup;
			children = (
				75F12CBF1BE0A00B00258874 /* ImageScout */,
			);
			name = Frameworks;
			sourceTree = "<group>";
		};
		75F12CBF1BE0A00B00258874 /* ImageScout */ = {
			isa = PBXGroup;
			children = (
				756848611C75DD1700D85E67 /* ImageParser.swift */,
				756848621C75DD1700D85E67 /* ImageScout.h */,
				756848631C75DD1700D85E67 /* ImageScout.swift */,
				756848641C75DD1700D85E67 /* ScoutOperation.swift */,
				756848651C75DD1700D85E67 /* SessionDelegate.swift */,
			);
			path = ImageScout;
			sourceTree = "<group>";
		};
		75F12D1B1BE0A76F00258874 /* Controllers */ = {
			isa = PBXGroup;
			children = (
				75B455F01C58FB4300424B21 /* Presentation */,
				75B455EF1C58FB3200424B21 /* Animation */,
				75EEE3A21C6F541E00C507FC /* Browse */,
				75EEE3A11C6F53F500C507FC /* Favorites */,
				75EEE3A01C6F53DA00C507FC /* More */,
				75B6AC081C08E5A000EB8F5F /* Filter */,
			);
			name = Controllers;
			sourceTree = "<group>";
		};
		75F12D1F1BE0AB3400258874 /* Layouts */ = {
			isa = PBXGroup;
			children = (
				75F12CF31BE0A35900258874 /* CustomLayoutAttributes.swift */,
				75F12CF61BE0A35900258874 /* FlickLayout.swift */,
				75F12D001BE0A35900258874 /* TwoColumnLayout.swift */,
				75DF28D61BE3DD31000B30F6 /* CategoriesLayout.swift */,
			);
			name = Layouts;
			sourceTree = "<group>";
		};
		75F12D201BE0AB4A00258874 /* Models */ = {
			isa = PBXGroup;
			children = (
				75149F3D1C1B088700A2A57C /* ShopStyle.swift */,
				75F12CFA1BE0A35900258874 /* Product.swift */,
				75AC84D81C7F7B03004B8FD7 /* CategoryInfo.swift */,
				75F12CE41BE0A24100258874 /* Search.swift */,
				75DD48D81C0735A100C4C34D /* CategorySearch.swift */,
				7551D3451C134A040088D32B /* Constants.swift */,
				75AC84E21C7F9653004B8FD7 /* PreselectedFilter.swift */,
				755F62FD1C770AA7003BA832 /* PhotoScout.swift */,
				752998331C80B9F900CBA61A /* CategoriesModel.swift */,
				75F780D51C7F612300CD074A /* BrandsModel.swift */,
				75409E1F1C6A572A00E5C282 /* FavoritesModel.swift */,
				75DD7F3B1C19F45300BDB0A3 /* FiltersModel.swift */,
				75AC84DC1C7F94DD004B8FD7 /* PreselectedFiltersModel.swift */,
			);
			name = Models;
			sourceTree = "<group>";
		};
		75F12D211BE0AB7700258874 /* Extensions */ = {
			isa = PBXGroup;
			children = (
				75AD0B4B1C7C777A00CD5C85 /* SwiftHEXColors.swift */,
				75F12CE31BE0A24100258874 /* Functions.swift */,
				75F12CE51BE0A24100258874 /* UIImage+Effects.swift */,
				75F12CE61BE0A24100258874 /* UIImage+ImageEffects.h */,
				75F12CE71BE0A24100258874 /* UIImage+ImageEffects.m */,
				75F12D141BE0A3B800258874 /* Alamofire+CustomResponse.swift */,
				750D8E191C06423C00D728F0 /* OrderedDictionary.swift */,
				75DD48DA1C074A6C00C4C34D /* UIViewController+SharedAppDelegate.swift */,
			);
			name = Extensions;
			sourceTree = "<group>";
		};
		75F12D221BE0AB8800258874 /* Resources */ = {
			isa = PBXGroup;
			children = (
				75A31E381BDFBAAE006FD010 /* Assets.xcassets */,
				75F12D191BE0A54D00258874 /* Categories.xcassets */,
				75391EF21CAAD0C200BA9CE4 /* Diogenes-Black.otf */,
				75391EF31CAAD0C200BA9CE4 /* Diogenes-BlackItalic.otf */,
				75391EF41CAAD0C200BA9CE4 /* Diogenes-Regular.otf */,
				75391EF51CAAD0C200BA9CE4 /* Diogenes-RegularItalic.otf */,
				7542AA871CA9E6C200739643 /* Pacifico.ttf */,
				756E15AB1C7213D20046CCBA /* FaktFlipboard-Light.otf */,
				756E15AC1C7213D20046CCBA /* FaktFlipboard-Medium.otf */,
				756E15AD1C7213D20046CCBA /* FaktFlipboard-Normal.otf */,
				756E15AE1C7213D20046CCBA /* FaktFlipboard-SemiBold.otf */,
				75E0DD5D1C3D89690036A249 /* Whitney-Book-Bas.otf */,
				75E0DD5E1C3D89690036A249 /* Whitney-BookItal-Bas.otf */,
				75E0DD5F1C3D89690036A249 /* Whitney-Semibold-Bas.otf */,
				753E2BB41BE2A0F9000F374A /* Quicksand-Light.ttf */,
				753E2BB51BE2A0F9000F374A /* Quicksand-Regular.ttf */,
				753E2BB31BE2A0F9000F374A /* Quicksand-Bold.ttf */,
				75F12CFD1BE0A35900258874 /* ProximaNova-Reg.ttf */,
				75F12CFE1BE0A35900258874 /* ProximaNova-Sbold.ttf */,
				75F12CFC1BE0A35900258874 /* ProximaNova-Bold.ttf */,
				75B205C91C7CB70D00EEA0D8 /* TSMessagesCustomDesign.json */,
			);
			name = Resources;
			sourceTree = "<group>";
		};
		75F12D231BE0ABB400258874 /* Views */ = {
			isa = PBXGroup;
			children = (
				75F12CF21BE0A35900258874 /* CategoryCell.swift */,
				75F12CF41BE0A35900258874 /* CustomPhotoCell.swift */,
				75F12CF71BE0A35900258874 /* FlickPageCell.swift */,
				7546CB211C4A5A0E000C9635 /* SimilarProductCell.swift */,
				75F12CFF1BE0A35900258874 /* RoundedCornersView.swift */,
				751E9F251C11AF96007C990C /* FloatingButton.swift */,
				7546CB2D1C4A884D000C9635 /* InfoButton.swift */,
				75B455ED1C58FAEB00424B21 /* GradientView.swift */,
				75AD0B4F1C7C7E0A00CD5C85 /* ColorView.swift */,
			);
			name = Views;
			sourceTree = "<group>";
		};
		75F12D271BE0AC8100258874 /* Supporting Files */ = {
			isa = PBXGroup;
			children = (
				75C8ED991C94625300ADED8C /* licenses.txt */,
				75EC0E711C8896EA008C162B /* GoogleService-Info.plist */,
				751666E41CB13B2A008A2804 /* Shopstyle_Brands.plist */,
				751666E31CB13B2A008A2804 /* Shopstyle_Stores.plist */,
				7559FA301C65017500177064 /* Brands.plist */,
				75A31E3D1BDFBAAE006FD010 /* Info.plist */,
				75F12CF11BE0A35900258874 /* Categories.plist */,
			);
			name = "Supporting Files";
			sourceTree = "<group>";
		};
		75F12D281BE0ACC800258874 /* Storyboards & Xibs */ = {
			isa = PBXGroup;
			children = (
				75F12D161BE0A46000258874 /* Main.storyboard */,
				750CA6281C847ABB00A73F7A /* Favorites.storyboard */,
				75EEE39B1C6F510900C507FC /* More.storyboard */,
				757D57AA1C56816D00F64907 /* Filter.storyboard */,
				75F12CF81BE0A35900258874 /* FlickPageCell.xib */,
				75A31E3A1BDFBAAE006FD010 /* LaunchScreen.storyboard */,
				756FC4E81C01B16D007AB0C5 /* SwitchSegue.swift */,
			);
			name = "Storyboards & Xibs";
			sourceTree = "<group>";
		};
		75F72C721C565DED00D21E50 /* Activities */ = {
			isa = PBXGroup;
			children = (
				75F72C731C565E1300D21E50 /* SubjectActivityItem.swift */,
			);
			name = Activities;
			sourceTree = "<group>";
		};
		7AA5E59AD30AA3D38AC2E840 /* Frameworks */ = {
			isa = PBXGroup;
			children = (
				75AC84DA1C7F90E6004B8FD7 /* CloudKit.framework */,
				03C93C788A5B7B32C470137C /* Pods_FlickShop.framework */,
			);
			name = Frameworks;
			sourceTree = "<group>";
		};
		ACBA88F6CE970AF1468234DF /* Pods */ = {
			isa = PBXGroup;
			children = (
				983955C99D9E0C495F28783E /* Pods-FlickShop.debug.xcconfig */,
				4DD496926D078ABA0D4796DA /* Pods-FlickShop.release.xcconfig */,
			);
			name = Pods;
			sourceTree = "<group>";
		};
/* End PBXGroup section */

/* Begin PBXNativeTarget section */
		75A31E2D1BDFBAAD006FD010 /* FlickShop */ = {
			isa = PBXNativeTarget;
			buildConfigurationList = 75A31E561BDFBAAE006FD010 /* Build configuration list for PBXNativeTarget "FlickShop" */;
			buildPhases = (
				DDB59AB6F24CB934F78BE5CC /* Check Pods Manifest.lock */,
				75A31E2A1BDFBAAD006FD010 /* Sources */,
				75A31E2B1BDFBAAD006FD010 /* Frameworks */,
				75A31E2C1BDFBAAD006FD010 /* Resources */,
				A702265E556F3070392D1455 /* Embed Pods Frameworks */,
				0A408396A32343216C68F9A0 /* Copy Pods Resources */,
				75BC4DE51C8C59E400B69F36 /* ShellScript */,
			);
			buildRules = (
			);
			dependencies = (
			);
			name = FlickShop;
			productName = FlickShop;
			productReference = 75A31E2E1BDFBAAD006FD010 /* Vendee.app */;
			productType = "com.apple.product-type.application";
		};
		75A31E411BDFBAAE006FD010 /* FlickShopTests */ = {
			isa = PBXNativeTarget;
			buildConfigurationList = 75A31E591BDFBAAE006FD010 /* Build configuration list for PBXNativeTarget "FlickShopTests" */;
			buildPhases = (
				75A31E3E1BDFBAAE006FD010 /* Sources */,
				75A31E3F1BDFBAAE006FD010 /* Frameworks */,
				75A31E401BDFBAAE006FD010 /* Resources */,
			);
			buildRules = (
			);
			dependencies = (
				75A31E441BDFBAAE006FD010 /* PBXTargetDependency */,
			);
			name = FlickShopTests;
			productName = FlickShopTests;
			productReference = 75A31E421BDFBAAE006FD010 /* FlickShopTests.xctest */;
			productType = "com.apple.product-type.bundle.unit-test";
		};
		75A31E4C1BDFBAAE006FD010 /* FlickShopUITests */ = {
			isa = PBXNativeTarget;
			buildConfigurationList = 75A31E5C1BDFBAAE006FD010 /* Build configuration list for PBXNativeTarget "FlickShopUITests" */;
			buildPhases = (
				75A31E491BDFBAAE006FD010 /* Sources */,
				75A31E4A1BDFBAAE006FD010 /* Frameworks */,
				75A31E4B1BDFBAAE006FD010 /* Resources */,
			);
			buildRules = (
			);
			dependencies = (
				75A31E4F1BDFBAAE006FD010 /* PBXTargetDependency */,
			);
			name = FlickShopUITests;
			productName = FlickShopUITests;
			productReference = 75A31E4D1BDFBAAE006FD010 /* FlickShopUITests.xctest */;
			productType = "com.apple.product-type.bundle.ui-testing";
		};
/* End PBXNativeTarget section */

/* Begin PBXProject section */
		75A31E261BDFBAAD006FD010 /* Project object */ = {
			isa = PBXProject;
			attributes = {
				LastSwiftUpdateCheck = 0710;
				LastUpgradeCheck = 0710;
				ORGANIZATIONNAME = "Ashish Kayastha";
				TargetAttributes = {
					75A31E2D1BDFBAAD006FD010 = {
						CreatedOnToolsVersion = 7.1;
						DevelopmentTeam = X7ULP599YE;
						SystemCapabilities = {
							com.apple.SafariKeychain = {
								enabled = 1;
							};
							com.apple.iCloud = {
								enabled = 1;
							};
						};
					};
					75A31E411BDFBAAE006FD010 = {
						CreatedOnToolsVersion = 7.1;
						DevelopmentTeam = S5MUGK22R4;
						TestTargetID = 75A31E2D1BDFBAAD006FD010;
					};
					75A31E4C1BDFBAAE006FD010 = {
						CreatedOnToolsVersion = 7.1;
						DevelopmentTeam = S5MUGK22R4;
						TestTargetID = 75A31E2D1BDFBAAD006FD010;
					};
				};
			};
			buildConfigurationList = 75A31E291BDFBAAD006FD010 /* Build configuration list for PBXProject "FlickShop" */;
			compatibilityVersion = "Xcode 3.2";
			developmentRegion = English;
			hasScannedForEncodings = 0;
			knownRegions = (
				en,
				Base,
			);
			mainGroup = 75A31E251BDFBAAD006FD010;
			productRefGroup = 75A31E2F1BDFBAAD006FD010 /* Products */;
			projectDirPath = "";
			projectRoot = "";
			targets = (
				75A31E2D1BDFBAAD006FD010 /* FlickShop */,
				75A31E411BDFBAAE006FD010 /* FlickShopTests */,
				75A31E4C1BDFBAAE006FD010 /* FlickShopUITests */,
			);
		};
/* End PBXProject section */

/* Begin PBXResourcesBuildPhase section */
		75A31E2C1BDFBAAD006FD010 /* Resources */ = {
			isa = PBXResourcesBuildPhase;
			buildActionMask = 2147483647;
			files = (
				7542AA891CA9E98900739643 /* Pacifico.ttf in Resources */,
				75E0DD601C3D89E70036A249 /* Whitney-Book-Bas.otf in Resources */,
				75391EF71CAAD0C200BA9CE4 /* Diogenes-BlackItalic.otf in Resources */,
				75E0DD611C3D89E70036A249 /* Whitney-BookItal-Bas.otf in Resources */,
				757D57AC1C56816D00F64907 /* Filter.storyboard in Resources */,
				75E0DD621C3D89E70036A249 /* Whitney-Semibold-Bas.otf in Resources */,
				75EC0E721C8896EA008C162B /* GoogleService-Info.plist in Resources */,
				75391EF91CAAD0C200BA9CE4 /* Diogenes-RegularItalic.otf in Resources */,
				753E2BB81BE2A44B000F374A /* Quicksand-Bold.ttf in Resources */,
				753E2BB71BE2A43D000F374A /* Quicksand-Regular.ttf in Resources */,
				753E2BB61BE2A433000F374A /* Quicksand-Light.ttf in Resources */,
				75F12D041BE0A35900258874 /* Categories.plist in Resources */,
				751666E61CB13B2A008A2804 /* Shopstyle_Brands.plist in Resources */,
				75A31E3C1BDFBAAE006FD010 /* LaunchScreen.storyboard in Resources */,
				751666E51CB13B2A008A2804 /* Shopstyle_Stores.plist in Resources */,
				75F12D1A1BE0A54D00258874 /* Categories.xcassets in Resources */,
				75F12D0B1BE0A35900258874 /* FlickPageCell.xib in Resources */,
				75391EF81CAAD0C200BA9CE4 /* Diogenes-Regular.otf in Resources */,
				756E15AF1C7213D20046CCBA /* FaktFlipboard-Light.otf in Resources */,
				7559FA311C65017500177064 /* Brands.plist in Resources */,
				756E15B01C7213D20046CCBA /* FaktFlipboard-Medium.otf in Resources */,
				756E15B11C7213D20046CCBA /* FaktFlipboard-Normal.otf in Resources */,
				75F12D0F1BE0A35900258874 /* ProximaNova-Bold.ttf in Resources */,
				750CA62A1C847ABB00A73F7A /* Favorites.storyboard in Resources */,
				75391EF61CAAD0C200BA9CE4 /* Diogenes-Black.otf in Resources */,
				75C8ED9A1C94625300ADED8C /* licenses.txt in Resources */,
				756E15B21C7213D20046CCBA /* FaktFlipboard-SemiBold.otf in Resources */,
				75B205CA1C7CB70D00EEA0D8 /* TSMessagesCustomDesign.json in Resources */,
				75F12D101BE0A35900258874 /* ProximaNova-Reg.ttf in Resources */,
				75F12D181BE0A46000258874 /* Main.storyboard in Resources */,
				75F12D111BE0A35900258874 /* ProximaNova-Sbold.ttf in Resources */,
				752BDD581C523021007F76BF /* hideForwarding.js in Resources */,
				75A31E391BDFBAAE006FD010 /* Assets.xcassets in Resources */,
				75EEE39D1C6F510900C507FC /* More.storyboard in Resources */,
			);
			runOnlyForDeploymentPostprocessing = 0;
		};
		75A31E401BDFBAAE006FD010 /* Resources */ = {
			isa = PBXResourcesBuildPhase;
			buildActionMask = 2147483647;
			files = (
			);
			runOnlyForDeploymentPostprocessing = 0;
		};
		75A31E4B1BDFBAAE006FD010 /* Resources */ = {
			isa = PBXResourcesBuildPhase;
			buildActionMask = 2147483647;
			files = (
			);
			runOnlyForDeploymentPostprocessing = 0;
		};
/* End PBXResourcesBuildPhase section */

/* Begin PBXShellScriptBuildPhase section */
		0A408396A32343216C68F9A0 /* Copy Pods Resources */ = {
			isa = PBXShellScriptBuildPhase;
			buildActionMask = 2147483647;
			files = (
			);
			inputPaths = (
			);
			name = "Copy Pods Resources";
			outputPaths = (
			);
			runOnlyForDeploymentPostprocessing = 0;
			shellPath = /bin/sh;
			shellScript = "\"${SRCROOT}/Pods/Target Support Files/Pods-FlickShop/Pods-FlickShop-resources.sh\"\n";
			showEnvVarsInLog = 0;
		};
		75BC4DE51C8C59E400B69F36 /* ShellScript */ = {
			isa = PBXShellScriptBuildPhase;
			buildActionMask = 2147483647;
			files = (
			);
			inputPaths = (
			);
			outputPaths = (
			);
			runOnlyForDeploymentPostprocessing = 0;
			shellPath = /bin/sh;
			shellScript = "\"${PODS_ROOT}/Fabric/run\" c155d2c8db1d50b0397e7d3dcea45797aeb4a521 c9bc2d3e789093605a0f5072a5ac98dda2014be37ea4c21e4e2c25a631e7c339";
		};
		A702265E556F3070392D1455 /* Embed Pods Frameworks */ = {
			isa = PBXShellScriptBuildPhase;
			buildActionMask = 2147483647;
			files = (
			);
			inputPaths = (
			);
			name = "Embed Pods Frameworks";
			outputPaths = (
			);
			runOnlyForDeploymentPostprocessing = 0;
			shellPath = /bin/sh;
			shellScript = "\"${SRCROOT}/Pods/Target Support Files/Pods-FlickShop/Pods-FlickShop-frameworks.sh\"\n";
			showEnvVarsInLog = 0;
		};
		DDB59AB6F24CB934F78BE5CC /* Check Pods Manifest.lock */ = {
			isa = PBXShellScriptBuildPhase;
			buildActionMask = 2147483647;
			files = (
			);
			inputPaths = (
			);
			name = "Check Pods Manifest.lock";
			outputPaths = (
			);
			runOnlyForDeploymentPostprocessing = 0;
			shellPath = /bin/sh;
			shellScript = "diff \"${PODS_ROOT}/../Podfile.lock\" \"${PODS_ROOT}/Manifest.lock\" > /dev/null\nif [[ $? != 0 ]] ; then\n    cat << EOM\nerror: The sandbox is not in sync with the Podfile.lock. Run 'pod install' or update your CocoaPods installation.\nEOM\n    exit 1\nfi\n";
			showEnvVarsInLog = 0;
		};
/* End PBXShellScriptBuildPhase section */

/* Begin PBXSourcesBuildPhase section */
		75A31E2A1BDFBAAD006FD010 /* Sources */ = {
			isa = PBXSourcesBuildPhase;
			buildActionMask = 2147483647;
			files = (
				752998341C80B9F900CBA61A /* CategoriesModel.swift in Sources */,
				75F12D0A1BE0A35900258874 /* FlickPageCell.swift in Sources */,
				756FC4EB1C01C7F3007AB0C5 /* BrandFilterViewController.swift in Sources */,
				756FC4E91C01B16D007AB0C5 /* SwitchSegue.swift in Sources */,
				75F12D051BE0A35900258874 /* CategoryCell.swift in Sources */,
				75F12D0C1BE0A35900258874 /* HomeViewController.swift in Sources */,
				7522B0CA1C044BBD0055C9A6 /* StoreFilterViewController.swift in Sources */,
				75AC84DD1C7F94DD004B8FD7 /* PreselectedFiltersModel.swift in Sources */,
				756848671C75DD1700D85E67 /* ImageScout.swift in Sources */,
				75F780D61C7F612300CD074A /* BrandsModel.swift in Sources */,
				75F12D011BE0A35900258874 /* AppDelegate.swift in Sources */,
				75F12D081BE0A35900258874 /* FlickViewController.swift in Sources */,
				75F12D121BE0A35900258874 /* RoundedCornersView.swift in Sources */,
				75B455F61C58FB9B00424B21 /* BounceAnimationController.swift in Sources */,
				756848691C75DD1700D85E67 /* SessionDelegate.swift in Sources */,
				75C8ED901C943BA500ADED8C /* LicensesViewController.swift in Sources */,
				75AC84E31C7F9653004B8FD7 /* PreselectedFilter.swift in Sources */,
				7546CB221C4A5A0E000C9635 /* SimilarProductCell.swift in Sources */,
				750D8E141C0617BA00D728F0 /* PriceFilterViewController.swift in Sources */,
				75414D761C51465400C2E3FE /* WebViewController.swift in Sources */,
				75DD48D91C0735A200C4C34D /* CategorySearch.swift in Sources */,
				750D8E161C06221900D728F0 /* DiscountFilterViewController.swift in Sources */,
				75149F3E1C1B088700A2A57C /* ShopStyle.swift in Sources */,
				75F12D061BE0A35900258874 /* CustomLayoutAttributes.swift in Sources */,
				75A6A3061C10C200008647CB /* CustomSFSafariViewController.swift in Sources */,
				750D8E1A1C06423C00D728F0 /* OrderedDictionary.swift in Sources */,
				75DD7F3C1C19F45300BDB0A3 /* FiltersModel.swift in Sources */,
				75409E201C6A572A00E5C282 /* FavoritesModel.swift in Sources */,
				75DF28D71BE3DD32000B30F6 /* CategoriesLayout.swift in Sources */,
				75B455FA1C59012600424B21 /* SlideOutAnimationController.swift in Sources */,
				751E9F261C11AF96007C990C /* FloatingButton.swift in Sources */,
				756848681C75DD1700D85E67 /* ScoutOperation.swift in Sources */,
				75AD0B501C7C7E0A00CD5C85 /* ColorView.swift in Sources */,
				75EEE39F1C6F53CA00C507FC /* AboutViewController.swift in Sources */,
				75F12CEA1BE0A24100258874 /* Functions.swift in Sources */,
				75DD48DB1C074A6C00C4C34D /* UIViewController+SharedAppDelegate.swift in Sources */,
				756264B31C6C860700149516 /* FavoritesViewController.swift in Sources */,
				756264AF1C6C85A000149516 /* ContainerFavoritesViewController.swift in Sources */,
				75F12D0E1BE0A35900258874 /* ProductDetailsViewController.swift in Sources */,
				75B455F21C58FB5B00424B21 /* FadeOutAnimationController.swift in Sources */,
				75F12D151BE0A3B800258874 /* Alamofire+CustomResponse.swift in Sources */,
				75414D741C51462100C2E3FE /* ContainerWebViewController.swift in Sources */,
				7551D3461C134A040088D32B /* Constants.swift in Sources */,
				7546CB1E1C4A447A000C9635 /* ContainerProductDetailsViewController.swift in Sources */,
				75B455F41C58FB7F00424B21 /* DimmingPresentationController.swift in Sources */,
				750D8E1C1C0647AC00D728F0 /* SortFilterViewController.swift in Sources */,
				75019BFC1C6D0A8200B4CDBD /* MoreViewController.swift in Sources */,
				75AD0B4C1C7C777A00CD5C85 /* SwiftHEXColors.swift in Sources */,
				758EB6CB1C579C50007ECD91 /* SwipeDelegate.swift in Sources */,
				753AEA581BFF8B820016B655 /* SideTabViewController.swift in Sources */,
				752B9C501C42C831000CE855 /* PhotoViewController.swift in Sources */,
				75AC84D91C7F7B03004B8FD7 /* CategoryInfo.swift in Sources */,
				75F72C741C565E1300D21E50 /* SubjectActivityItem.swift in Sources */,
				752B71161BFCF2EE00DB14E7 /* ContainerFlickViewController.swift in Sources */,
				75F12D131BE0A35900258874 /* TwoColumnLayout.swift in Sources */,
				753AEA5A1BFF8BA10016B655 /* CategoryFilterViewController.swift in Sources */,
				7541FECE1C3E720B005CEB11 /* PhotosViewController.swift in Sources */,
				75F12CEB1BE0A24100258874 /* Search.swift in Sources */,
				75F12CED1BE0A24100258874 /* UIImage+ImageEffects.m in Sources */,
				7587C7BB1C5B806100E99A6B /* PopAnimationController.swift in Sources */,
				75C316BA1BEE973800E7A34E /* ContainerBrowseViewController.swift in Sources */,
				75B455FC1C59483700424B21 /* SlideInAnimationController.swift in Sources */,
				75F12D031BE0A35900258874 /* BrowseViewController.swift in Sources */,
				755F62FE1C770AA7003BA832 /* PhotoScout.swift in Sources */,
				75F12CEC1BE0A24100258874 /* UIImage+Effects.swift in Sources */,
				75B455EE1C58FAEB00424B21 /* GradientView.swift in Sources */,
				75B455F81C58FF5800424B21 /* PriceDetailsViewController.swift in Sources */,
				756FC4E71C01B03F007AB0C5 /* ContainerViewController.swift in Sources */,
				7546CB2E1C4A884D000C9635 /* InfoButton.swift in Sources */,
				75F12D071BE0A35900258874 /* CustomPhotoCell.swift in Sources */,
				75F12D0D1BE0A35900258874 /* Product.swift in Sources */,
				750D8E181C06336900D728F0 /* ColorFilterViewController.swift in Sources */,
				753AEA561BFF8B490016B655 /* ContainerFilterViewController.swift in Sources */,
				75F12D091BE0A35900258874 /* FlickLayout.swift in Sources */,
				756848661C75DD1700D85E67 /* ImageParser.swift in Sources */,
			);
			runOnlyForDeploymentPostprocessing = 0;
		};
		75A31E3E1BDFBAAE006FD010 /* Sources */ = {
			isa = PBXSourcesBuildPhase;
			buildActionMask = 2147483647;
			files = (
				75A31E471BDFBAAE006FD010 /* FlickShopTests.swift in Sources */,
			);
			runOnlyForDeploymentPostprocessing = 0;
		};
		75A31E491BDFBAAE006FD010 /* Sources */ = {
			isa = PBXSourcesBuildPhase;
			buildActionMask = 2147483647;
			files = (
				75A31E521BDFBAAE006FD010 /* FlickShopUITests.swift in Sources */,
			);
			runOnlyForDeploymentPostprocessing = 0;
		};
/* End PBXSourcesBuildPhase section */

/* Begin PBXTargetDependency section */
		75A31E441BDFBAAE006FD010 /* PBXTargetDependency */ = {
			isa = PBXTargetDependency;
			target = 75A31E2D1BDFBAAD006FD010 /* FlickShop */;
			targetProxy = 75A31E431BDFBAAE006FD010 /* PBXContainerItemProxy */;
		};
		75A31E4F1BDFBAAE006FD010 /* PBXTargetDependency */ = {
			isa = PBXTargetDependency;
			target = 75A31E2D1BDFBAAD006FD010 /* FlickShop */;
			targetProxy = 75A31E4E1BDFBAAE006FD010 /* PBXContainerItemProxy */;
		};
/* End PBXTargetDependency section */

/* Begin PBXVariantGroup section */
		750CA6281C847ABB00A73F7A /* Favorites.storyboard */ = {
			isa = PBXVariantGroup;
			children = (
				750CA6291C847ABB00A73F7A /* Base */,
			);
			name = Favorites.storyboard;
			sourceTree = "<group>";
		};
		757D57AA1C56816D00F64907 /* Filter.storyboard */ = {
			isa = PBXVariantGroup;
			children = (
				757D57AB1C56816D00F64907 /* Base */,
			);
			name = Filter.storyboard;
			sourceTree = "<group>";
		};
		75A31E3A1BDFBAAE006FD010 /* LaunchScreen.storyboard */ = {
			isa = PBXVariantGroup;
			children = (
				75A31E3B1BDFBAAE006FD010 /* Base */,
			);
			name = LaunchScreen.storyboard;
			sourceTree = "<group>";
		};
		75EEE39B1C6F510900C507FC /* More.storyboard */ = {
			isa = PBXVariantGroup;
			children = (
				75EEE39C1C6F510900C507FC /* Base */,
			);
			name = More.storyboard;
			sourceTree = "<group>";
		};
		75F12D161BE0A46000258874 /* Main.storyboard */ = {
			isa = PBXVariantGroup;
			children = (
				75F12D171BE0A46000258874 /* Base */,
			);
			name = Main.storyboard;
			sourceTree = "<group>";
		};
/* End PBXVariantGroup section */

/* Begin XCBuildConfiguration section */
		75A31E541BDFBAAE006FD010 /* Debug */ = {
			isa = XCBuildConfiguration;
			buildSettings = {
				ALWAYS_SEARCH_USER_PATHS = NO;
				CLANG_CXX_LANGUAGE_STANDARD = "gnu++0x";
				CLANG_CXX_LIBRARY = "libc++";
				CLANG_ENABLE_MODULES = YES;
				CLANG_ENABLE_OBJC_ARC = YES;
				CLANG_WARN_BOOL_CONVERSION = YES;
				CLANG_WARN_CONSTANT_CONVERSION = YES;
				CLANG_WARN_DIRECT_OBJC_ISA_USAGE = YES_ERROR;
				CLANG_WARN_EMPTY_BODY = YES;
				CLANG_WARN_ENUM_CONVERSION = YES;
				CLANG_WARN_INT_CONVERSION = YES;
				CLANG_WARN_OBJC_ROOT_CLASS = YES_ERROR;
				CLANG_WARN_UNREACHABLE_CODE = YES;
				CLANG_WARN__DUPLICATE_METHOD_MATCH = YES;
				"CODE_SIGN_IDENTITY[sdk=iphoneos*]" = "iPhone Developer";
				COPY_PHASE_STRIP = NO;
				DEBUG_INFORMATION_FORMAT = dwarf;
				ENABLE_STRICT_OBJC_MSGSEND = YES;
				ENABLE_TESTABILITY = YES;
				GCC_C_LANGUAGE_STANDARD = gnu99;
				GCC_DYNAMIC_NO_PIC = NO;
				GCC_NO_COMMON_BLOCKS = YES;
				GCC_OPTIMIZATION_LEVEL = 0;
				GCC_PREPROCESSOR_DEFINITIONS = (
					"DEBUG=1",
					"$(inherited)",
				);
				GCC_WARN_64_TO_32_BIT_CONVERSION = YES;
				GCC_WARN_ABOUT_RETURN_TYPE = YES_ERROR;
				GCC_WARN_UNDECLARED_SELECTOR = YES;
				GCC_WARN_UNINITIALIZED_AUTOS = YES_AGGRESSIVE;
				GCC_WARN_UNUSED_FUNCTION = YES;
				GCC_WARN_UNUSED_VARIABLE = YES;
				IPHONEOS_DEPLOYMENT_TARGET = 9.1;
				MTL_ENABLE_DEBUG_INFO = YES;
				ONLY_ACTIVE_ARCH = YES;
				SDKROOT = iphoneos;
				SWIFT_OPTIMIZATION_LEVEL = "-Onone";
			};
			name = Debug;
		};
		75A31E551BDFBAAE006FD010 /* Release */ = {
			isa = XCBuildConfiguration;
			buildSettings = {
				ALWAYS_SEARCH_USER_PATHS = NO;
				CLANG_CXX_LANGUAGE_STANDARD = "gnu++0x";
				CLANG_CXX_LIBRARY = "libc++";
				CLANG_ENABLE_MODULES = YES;
				CLANG_ENABLE_OBJC_ARC = YES;
				CLANG_WARN_BOOL_CONVERSION = YES;
				CLANG_WARN_CONSTANT_CONVERSION = YES;
				CLANG_WARN_DIRECT_OBJC_ISA_USAGE = YES_ERROR;
				CLANG_WARN_EMPTY_BODY = YES;
				CLANG_WARN_ENUM_CONVERSION = YES;
				CLANG_WARN_INT_CONVERSION = YES;
				CLANG_WARN_OBJC_ROOT_CLASS = YES_ERROR;
				CLANG_WARN_UNREACHABLE_CODE = YES;
				CLANG_WARN__DUPLICATE_METHOD_MATCH = YES;
				"CODE_SIGN_IDENTITY[sdk=iphoneos*]" = "iPhone Developer";
				COPY_PHASE_STRIP = NO;
				DEBUG_INFORMATION_FORMAT = "dwarf-with-dsym";
				ENABLE_NS_ASSERTIONS = NO;
				ENABLE_STRICT_OBJC_MSGSEND = YES;
				GCC_C_LANGUAGE_STANDARD = gnu99;
				GCC_NO_COMMON_BLOCKS = YES;
				GCC_WARN_64_TO_32_BIT_CONVERSION = YES;
				GCC_WARN_ABOUT_RETURN_TYPE = YES_ERROR;
				GCC_WARN_UNDECLARED_SELECTOR = YES;
				GCC_WARN_UNINITIALIZED_AUTOS = YES_AGGRESSIVE;
				GCC_WARN_UNUSED_FUNCTION = YES;
				GCC_WARN_UNUSED_VARIABLE = YES;
				IPHONEOS_DEPLOYMENT_TARGET = 9.1;
				MTL_ENABLE_DEBUG_INFO = NO;
				SDKROOT = iphoneos;
				VALIDATE_PRODUCT = YES;
			};
			name = Release;
		};
		75A31E571BDFBAAE006FD010 /* Debug */ = {
			isa = XCBuildConfiguration;
			baseConfigurationReference = 983955C99D9E0C495F28783E /* Pods-FlickShop.debug.xcconfig */;
			buildSettings = {
				ASSETCATALOG_COMPILER_APPICON_NAME = AppIcon;
				CLANG_ENABLE_MODULES = YES;
				CODE_SIGN_ENTITLEMENTS = FlickShop/FlickShop.entitlements;
				CODE_SIGN_IDENTITY = "iPhone Developer";
				"CODE_SIGN_IDENTITY[sdk=iphoneos*]" = "iPhone Developer";
				ENABLE_BITCODE = NO;
				INFOPLIST_FILE = FlickShop/Info.plist;
				LD_RUNPATH_SEARCH_PATHS = "$(inherited) @executable_path/Frameworks";
				PRODUCT_BUNDLE_IDENTIFIER = com.askayastha.Vendee;
				PRODUCT_NAME = Vendee;
				PROVISIONING_PROFILE = "";
				SWIFT_OBJC_BRIDGING_HEADER = "FlickShop/FlickShop-Bridging-Header.h";
				SWIFT_OPTIMIZATION_LEVEL = "-Onone";
			};
			name = Debug;
		};
		75A31E581BDFBAAE006FD010 /* Release */ = {
			isa = XCBuildConfiguration;
			baseConfigurationReference = 4DD496926D078ABA0D4796DA /* Pods-FlickShop.release.xcconfig */;
			buildSettings = {
				ASSETCATALOG_COMPILER_APPICON_NAME = AppIcon;
				CLANG_ENABLE_MODULES = YES;
				CODE_SIGN_ENTITLEMENTS = FlickShop/FlickShop.entitlements;
				CODE_SIGN_IDENTITY = "iPhone Developer";
				"CODE_SIGN_IDENTITY[sdk=iphoneos*]" = "iPhone Developer";
				ENABLE_BITCODE = NO;
				INFOPLIST_FILE = FlickShop/Info.plist;
				LD_RUNPATH_SEARCH_PATHS = "$(inherited) @executable_path/Frameworks";
				PRODUCT_BUNDLE_IDENTIFIER = com.askayastha.Vendee;
				PRODUCT_NAME = Vendee;
				PROVISIONING_PROFILE = "";
				SWIFT_OBJC_BRIDGING_HEADER = "FlickShop/FlickShop-Bridging-Header.h";
			};
			name = Release;
		};
		75A31E5A1BDFBAAE006FD010 /* Debug */ = {
			isa = XCBuildConfiguration;
			buildSettings = {
				BUNDLE_LOADER = "$(TEST_HOST)";
				INFOPLIST_FILE = FlickShopTests/Info.plist;
				LD_RUNPATH_SEARCH_PATHS = "$(inherited) @executable_path/Frameworks @loader_path/Frameworks";
				PRODUCT_BUNDLE_IDENTIFIER = com.ashish.FlickShopTests;
				PRODUCT_NAME = "$(TARGET_NAME)";
				TEST_HOST = "$(BUILT_PRODUCTS_DIR)/FlickShop.app/FlickShop";
			};
			name = Debug;
		};
		75A31E5B1BDFBAAE006FD010 /* Release */ = {
			isa = XCBuildConfiguration;
			buildSettings = {
				BUNDLE_LOADER = "$(TEST_HOST)";
				INFOPLIST_FILE = FlickShopTests/Info.plist;
				LD_RUNPATH_SEARCH_PATHS = "$(inherited) @executable_path/Frameworks @loader_path/Frameworks";
				PRODUCT_BUNDLE_IDENTIFIER = com.ashish.FlickShopTests;
				PRODUCT_NAME = "$(TARGET_NAME)";
				TEST_HOST = "$(BUILT_PRODUCTS_DIR)/FlickShop.app/FlickShop";
			};
			name = Release;
		};
		75A31E5D1BDFBAAE006FD010 /* Debug */ = {
			isa = XCBuildConfiguration;
			buildSettings = {
				INFOPLIST_FILE = FlickShopUITests/Info.plist;
				LD_RUNPATH_SEARCH_PATHS = "$(inherited) @executable_path/Frameworks @loader_path/Frameworks";
				PRODUCT_BUNDLE_IDENTIFIER = com.ashish.FlickShopUITests;
				PRODUCT_NAME = "$(TARGET_NAME)";
				TEST_TARGET_NAME = FlickShop;
				USES_XCTRUNNER = YES;
			};
			name = Debug;
		};
		75A31E5E1BDFBAAE006FD010 /* Release */ = {
			isa = XCBuildConfiguration;
			buildSettings = {
				INFOPLIST_FILE = FlickShopUITests/Info.plist;
				LD_RUNPATH_SEARCH_PATHS = "$(inherited) @executable_path/Frameworks @loader_path/Frameworks";
				PRODUCT_BUNDLE_IDENTIFIER = com.ashish.FlickShopUITests;
				PRODUCT_NAME = "$(TARGET_NAME)";
				TEST_TARGET_NAME = FlickShop;
				USES_XCTRUNNER = YES;
			};
			name = Release;
		};
/* End XCBuildConfiguration section */

/* Begin XCConfigurationList section */
		75A31E291BDFBAAD006FD010 /* Build configuration list for PBXProject "FlickShop" */ = {
			isa = XCConfigurationList;
			buildConfigurations = (
				75A31E541BDFBAAE006FD010 /* Debug */,
				75A31E551BDFBAAE006FD010 /* Release */,
			);
			defaultConfigurationIsVisible = 0;
			defaultConfigurationName = Release;
		};
		75A31E561BDFBAAE006FD010 /* Build configuration list for PBXNativeTarget "FlickShop" */ = {
			isa = XCConfigurationList;
			buildConfigurations = (
				75A31E571BDFBAAE006FD010 /* Debug */,
				75A31E581BDFBAAE006FD010 /* Release */,
			);
			defaultConfigurationIsVisible = 0;
			defaultConfigurationName = Release;
		};
		75A31E591BDFBAAE006FD010 /* Build configuration list for PBXNativeTarget "FlickShopTests" */ = {
			isa = XCConfigurationList;
			buildConfigurations = (
				75A31E5A1BDFBAAE006FD010 /* Debug */,
				75A31E5B1BDFBAAE006FD010 /* Release */,
			);
			defaultConfigurationIsVisible = 0;
			defaultConfigurationName = Release;
		};
		75A31E5C1BDFBAAE006FD010 /* Build configuration list for PBXNativeTarget "FlickShopUITests" */ = {
			isa = XCConfigurationList;
			buildConfigurations = (
				75A31E5D1BDFBAAE006FD010 /* Debug */,
				75A31E5E1BDFBAAE006FD010 /* Release */,
			);
			defaultConfigurationIsVisible = 0;
			defaultConfigurationName = Release;
		};
/* End XCConfigurationList section */
	};
	rootObject = 75A31E261BDFBAAD006FD010 /* Project object */;
}
